// !$*UTF8*$!
{
	archiveVersion = 1;
	classes = {
	};
	objectVersion = 48;
	objects = {

/* Begin PBXBuildFile section */
		00FC70D9511D8DF6CD625333 /* Undoable.swift in Embed Sources */ = {isa = PBXBuildFile; fileRef = C47E009C1E96C65E00E5D521 /* Undoable.swift */; };
		0F814D7E7D88105145BE4FE7 /* ShortcutsController.swift in Embed Sources */ = {isa = PBXBuildFile; fileRef = C463FB6A1E91D80E00F984D1 /* ShortcutsController.swift */; };
		13B22E1D8BC932C5AE7AA1C9 /* FoundationExtensions.swift in Embed Sources */ = {isa = PBXBuildFile; fileRef = C4C72B2F1E6359B8004E6BB0 /* FoundationExtensions.swift */; };
		13B34ECA671FD8BC8CE0F168 /* AccountController.swift in Embed Sources */ = {isa = PBXBuildFile; fileRef = C4C5CEBA1E744FF00089DC2F /* AccountController.swift */; };
		19BCC9A245F3BB232382690A /* Data.swift in Embed Sources */ = {isa = PBXBuildFile; fileRef = C4D7FC581E61C10200C40FE8 /* Data.swift */; };
		1A8736907752E356259C1B3A /* ActionLogger.swift in Embed Sources */ = {isa = PBXBuildFile; fileRef = C46E01291E7F40150092F57B /* ActionLogger.swift */; };
		2183227EAC269D575FF9BF6B /* ActionTracking.swift in Embed Sources */ = {isa = PBXBuildFile; fileRef = C4209FFE1E7E98A0005FCF87 /* ActionTracking.swift */; };
		27D0E4B9B31D5EE519F67CB8 /* UserDefaults.swift in Embed Sources */ = {isa = PBXBuildFile; fileRef = C4C72B311E635A8D004E6BB0 /* UserDefaults.swift */; };
		2AD5C3F626B55728AF2DEF73 /* ModuleExports-GEFoundation.swift in Embed Sources */ = {isa = PBXBuildFile; fileRef = C44538541E999B40009E68EB /* ModuleExports-GEFoundation.swift */; };
		2F48ECC6805AAD7935052EDF /* ActionTags.swift in Embed Sources */ = {isa = PBXBuildFile; fileRef = C420A0001E7E9A3B005FCF87 /* ActionTags.swift */; };
		2F8C4E50A9F9B8F9D383FAE7 /* RequestErrorPresentation.swift in Embed Sources */ = {isa = PBXBuildFile; fileRef = C4D7FC5E1E620FC200C40FE8 /* RequestErrorPresentation.swift */; };
		36AAE74F6406BA12DA5AC188 /* AppDelegate.swift in Embed Sources */ = {isa = PBXBuildFile; fileRef = C4F359421E5D139400F2B779 /* AppDelegate.swift */; };
		3A3F553BD3A18FB92DB1B097 /* MultifonRedirectSupportTests.swift in Embed Sources */ = {isa = PBXBuildFile; fileRef = C45D86801E9C664100AD432F /* MultifonRedirectSupportTests.swift */; };
		3A6B0537411CEF5C3EBD4301 /* AlternateAppIconController.swift in Embed Sources */ = {isa = PBXBuildFile; fileRef = C47E009E1E98D5D600E5D521 /* AlternateAppIconController.swift */; };
		49CDABFEC00AB4B03F10B500 /* Globals.swift in Embed Sources */ = {isa = PBXBuildFile; fileRef = C4290F871EA313F100CAD5AE /* Globals.swift */; };
		5020BB0D24D8F8947E0AF50A /* SnapshotHelper.swift in Embed Sources */ = {isa = PBXBuildFile; fileRef = C4C5CEDC1E7590490089DC2F /* SnapshotHelper.swift */; };
		5D0AF200567DA496858F686F /* RouteTableViewCell.swift in Embed Sources */ = {isa = PBXBuildFile; fileRef = C4C5CEC21E7561DB0089DC2F /* RouteTableViewCell.swift */; };
		5E034A0B37599627D742D2B0 /* MultifonRedirectFastlaneSnapshot.swift in Embed Sources */ = {isa = PBXBuildFile; fileRef = C4C5CED41E758EFE0089DC2F /* MultifonRedirectFastlaneSnapshot.swift */; };
		5EC69BEAE740F2FF3F5260E8 /* MultifonNumberTextField.swift in Embed Sources */ = {isa = PBXBuildFile; fileRef = C47456631E64F71F003C7656 /* MultifonNumberTextField.swift */; };
		6EB3C0E746B2406E6C90F3D9 /* ModuleExports-GEFoundation.swift in Embed Sources */ = {isa = PBXBuildFile; fileRef = C44538541E999B40009E68EB /* ModuleExports-GEFoundation.swift */; };
		784795B4037F501EB59FFAED /* ModuleExports-GEFoundation.swift in Embed Sources */ = {isa = PBXBuildFile; fileRef = C44538541E999B40009E68EB /* ModuleExports-GEFoundation.swift */; };
		7AEAC1F8EDBFC00B1C64E1BD /* ModuleExports-GETracing.swift in Embed Sources */ = {isa = PBXBuildFile; fileRef = C44538521E999AB1009E68EB /* ModuleExports-GETracing.swift */; };
		7C8E9DBF06FE5819495EB0AF /* TodayViewController.swift in Embed Sources */ = {isa = PBXBuildFile; fileRef = C45D86591E9C340300AD432F /* TodayViewController.swift */; };
		848A30F980F025F3304DECC8 /* AccountPossessor.swift in Embed Sources */ = {isa = PBXBuildFile; fileRef = C463FB6C1E91D9BD00F984D1 /* AccountPossessor.swift */; };
		88BA1DF069F2066B1F22C681 /* Localized.swift in Embed Sources */ = {isa = PBXBuildFile; fileRef = C45D86A61E9D7F0D00AD432F /* Localized.swift */; };
		8D09BF4C847597FF71810F9B /* ModuleExports-GETracing.swift in Embed Sources */ = {isa = PBXBuildFile; fileRef = C44538521E999AB1009E68EB /* ModuleExports-GETracing.swift */; };
		9D13446D8B3279FE8FB17EFE /* AccountDetailsViewController.swift in Embed Sources */ = {isa = PBXBuildFile; fileRef = C40909C11E6376F7006BBF04 /* AccountDetailsViewController.swift */; };
		ADA5F5D75F681BBC0DD0431C /* UIKitExtensions.swift in Embed Sources */ = {isa = PBXBuildFile; fileRef = C4C5CEBC1E7464020089DC2F /* UIKitExtensions.swift */; };
		AF6228B722177B407E6A6479 /* Localized.swift in Embed Sources */ = {isa = PBXBuildFile; fileRef = C4D7FC5A1E61EEB500C40FE8 /* Localized.swift */; };
		B477A17F7799EF5805C52076 /* RoutingRequests.swift in Embed Sources */ = {isa = PBXBuildFile; fileRef = C47E00A01E997EB600E5D521 /* RoutingRequests.swift */; };
		B841F88D848765D6C197A631 /* ExternalDependencies.swift in Embed Sources */ = {isa = PBXBuildFile; fileRef = C4D7FC5C1E61EF3B00C40FE8 /* ExternalDependencies.swift */; };
		C40909BD1E63684D006BBF04 /* PhoneNumberKit.framework in Frameworks */ = {isa = PBXBuildFile; fileRef = C40909BC1E63684D006BBF04 /* PhoneNumberKit.framework */; };
		C40909BE1E63684D006BBF04 /* PhoneNumberKit.framework in Embed Frameworks */ = {isa = PBXBuildFile; fileRef = C40909BC1E63684D006BBF04 /* PhoneNumberKit.framework */; settings = {ATTRIBUTES = (CodeSignOnCopy, RemoveHeadersOnCopy, ); }; };
		C40909C21E6376F7006BBF04 /* AccountDetailsViewController.swift in Sources */ = {isa = PBXBuildFile; fileRef = C40909C11E6376F7006BBF04 /* AccountDetailsViewController.swift */; };
		C41B5C711E9D880400351FD8 /* MultifonRedirectSupport.framework in Frameworks */ = {isa = PBXBuildFile; fileRef = C45D86711E9C664100AD432F /* MultifonRedirectSupport.framework */; };
		C41B5C721E9D880400351FD8 /* GETracing.framework in Frameworks */ = {isa = PBXBuildFile; fileRef = C445384B1E999A44009E68EB /* GETracing.framework */; };
		C41B5C731E9D880400351FD8 /* PhoneNumberKit.framework in Frameworks */ = {isa = PBXBuildFile; fileRef = C40909BC1E63684D006BBF04 /* PhoneNumberKit.framework */; };
		C41B5C761E9D882800351FD8 /* GEFoundation.framework in Frameworks */ = {isa = PBXBuildFile; fileRef = C445384E1E999A49009E68EB /* GEFoundation.framework */; };
		C4290F881EA313F100CAD5AE /* Globals.swift in Sources */ = {isa = PBXBuildFile; fileRef = C4290F871EA313F100CAD5AE /* Globals.swift */; };
		C4290F8F1EA328C000CAD5AE /* InfoPlist.strings in Resources */ = {isa = PBXBuildFile; fileRef = C4290F911EA328C000CAD5AE /* InfoPlist.strings */; };
		C4290F941EA328C000CAD5AE /* Today.strings in Resources */ = {isa = PBXBuildFile; fileRef = C4290F961EA328C000CAD5AE /* Today.strings */; };
		C4290F991EA328C100CAD5AE /* InfoPlist.strings in Resources */ = {isa = PBXBuildFile; fileRef = C4290F9B1EA328C100CAD5AE /* InfoPlist.strings */; };
		C431B4FD1E907AAD00D67D5A /* AppIcon-MultifonOnly@2x.png in Resources */ = {isa = PBXBuildFile; fileRef = C431B4FA1E907AAD00D67D5A /* AppIcon-MultifonOnly@2x.png */; };
		C431B4FE1E907AAD00D67D5A /* AppIcon-MultifonOnly@3x.png in Resources */ = {isa = PBXBuildFile; fileRef = C431B4FB1E907AAD00D67D5A /* AppIcon-MultifonOnly@3x.png */; };
		C431B5061E907ABD00D67D5A /* AppIcon-PhoneAndMultifon@2x.png in Resources */ = {isa = PBXBuildFile; fileRef = C431B5001E907ABD00D67D5A /* AppIcon-PhoneAndMultifon@2x.png */; };
		C431B5071E907ABD00D67D5A /* AppIcon-PhoneAndMultifon@3x.png in Resources */ = {isa = PBXBuildFile; fileRef = C431B5011E907ABD00D67D5A /* AppIcon-PhoneAndMultifon@3x.png */; };
		C431B5091E907ABD00D67D5A /* AppIcon-PhoneOnly@2x.png in Resources */ = {isa = PBXBuildFile; fileRef = C431B5031E907ABD00D67D5A /* AppIcon-PhoneOnly@2x.png */; };
		C431B50A1E907ABD00D67D5A /* AppIcon-PhoneOnly@3x.png in Resources */ = {isa = PBXBuildFile; fileRef = C431B5041E907ABD00D67D5A /* AppIcon-PhoneOnly@3x.png */; };
		C43F80A71E6B276100349011 /* Fabric.swift in Sources */ = {isa = PBXBuildFile; fileRef = C43F80A61E6B276100349011 /* Fabric.swift */; };
		C43F80AF1E6B3C1200349011 /* Fabric.framework in Frameworks */ = {isa = PBXBuildFile; fileRef = C43F80AA1E6B286700349011 /* Fabric.framework */; };
		C445384C1E999A44009E68EB /* GETracing.framework in Frameworks */ = {isa = PBXBuildFile; fileRef = C445384B1E999A44009E68EB /* GETracing.framework */; };
		C445384D1E999A44009E68EB /* GETracing.framework in Embed Frameworks */ = {isa = PBXBuildFile; fileRef = C445384B1E999A44009E68EB /* GETracing.framework */; settings = {ATTRIBUTES = (CodeSignOnCopy, RemoveHeadersOnCopy, ); }; };
		C445384F1E999A49009E68EB /* GEFoundation.framework in Frameworks */ = {isa = PBXBuildFile; fileRef = C445384E1E999A49009E68EB /* GEFoundation.framework */; };
		C44538501E999A49009E68EB /* GEFoundation.framework in Embed Frameworks */ = {isa = PBXBuildFile; fileRef = C445384E1E999A49009E68EB /* GEFoundation.framework */; settings = {ATTRIBUTES = (CodeSignOnCopy, RemoveHeadersOnCopy, ); }; };
		C44538531E999AB1009E68EB /* ModuleExports-GETracing.swift in Sources */ = {isa = PBXBuildFile; fileRef = C44538521E999AB1009E68EB /* ModuleExports-GETracing.swift */; };
		C44538551E999B40009E68EB /* ModuleExports-GEFoundation.swift in Sources */ = {isa = PBXBuildFile; fileRef = C44538541E999B40009E68EB /* ModuleExports-GEFoundation.swift */; };
		C44538581E9AD0DD009E68EB /* Shortcuts.strings in Resources */ = {isa = PBXBuildFile; fileRef = C445385A1E9AD0DD009E68EB /* Shortcuts.strings */; };
		C45D86571E9C340300AD432F /* NotificationCenter.framework in Frameworks */ = {isa = PBXBuildFile; fileRef = C45D86561E9C340300AD432F /* NotificationCenter.framework */; };
		C45D865A1E9C340300AD432F /* TodayViewController.swift in Sources */ = {isa = PBXBuildFile; fileRef = C45D86591E9C340300AD432F /* TodayViewController.swift */; };
		C45D865D1E9C340300AD432F /* MainInterface.storyboard in Resources */ = {isa = PBXBuildFile; fileRef = C45D865B1E9C340300AD432F /* MainInterface.storyboard */; };
		C45D86611E9C340300AD432F /* MultifonRedirectToday.appex in Embed App Extensions */ = {isa = PBXBuildFile; fileRef = C45D86541E9C340300AD432F /* MultifonRedirectToday.appex */; settings = {ATTRIBUTES = (RemoveHeadersOnCopy, ); }; };
		C45D86681E9C64B300AD432F /* InfoPlist.strings in Resources */ = {isa = PBXBuildFile; fileRef = C45D866A1E9C64B300AD432F /* InfoPlist.strings */; };
		C45D867A1E9C664100AD432F /* MultifonRedirectSupport.framework in Frameworks */ = {isa = PBXBuildFile; fileRef = C45D86711E9C664100AD432F /* MultifonRedirectSupport.framework */; };
		C45D86811E9C664100AD432F /* MultifonRedirectSupportTests.swift in Sources */ = {isa = PBXBuildFile; fileRef = C45D86801E9C664100AD432F /* MultifonRedirectSupportTests.swift */; };
		C45D86861E9C664100AD432F /* MultifonRedirectSupport.framework in Frameworks */ = {isa = PBXBuildFile; fileRef = C45D86711E9C664100AD432F /* MultifonRedirectSupport.framework */; };
		C45D86871E9C664100AD432F /* MultifonRedirectSupport.framework in Embed Frameworks */ = {isa = PBXBuildFile; fileRef = C45D86711E9C664100AD432F /* MultifonRedirectSupport.framework */; settings = {ATTRIBUTES = (CodeSignOnCopy, RemoveHeadersOnCopy, ); }; };
		C45D86951E9C68F300AD432F /* RoutingRequests.swift in Sources */ = {isa = PBXBuildFile; fileRef = C47E00A01E997EB600E5D521 /* RoutingRequests.swift */; };
		C45D86961E9C68F300AD432F /* Data.swift in Sources */ = {isa = PBXBuildFile; fileRef = C4D7FC581E61C10200C40FE8 /* Data.swift */; };
		C45D86971E9C68F300AD432F /* PhoneNumbers.swift in Sources */ = {isa = PBXBuildFile; fileRef = C4C72B331E635ADC004E6BB0 /* PhoneNumbers.swift */; };
		C45D86981E9C68F300AD432F /* FoundationExtensions.swift in Sources */ = {isa = PBXBuildFile; fileRef = C4C72B2F1E6359B8004E6BB0 /* FoundationExtensions.swift */; };
		C45D86991E9C691D00AD432F /* GETracing.framework in Frameworks */ = {isa = PBXBuildFile; fileRef = C445384B1E999A44009E68EB /* GETracing.framework */; };
		C45D869A1E9C691D00AD432F /* GEFoundation.framework in Frameworks */ = {isa = PBXBuildFile; fileRef = C445384E1E999A49009E68EB /* GEFoundation.framework */; };
		C45D869B1E9C692100AD432F /* PhoneNumberKit.framework in Frameworks */ = {isa = PBXBuildFile; fileRef = C40909BC1E63684D006BBF04 /* PhoneNumberKit.framework */; };
		C45D869C1E9C695400AD432F /* ModuleExports-GETracing.swift in Sources */ = {isa = PBXBuildFile; fileRef = C44538521E999AB1009E68EB /* ModuleExports-GETracing.swift */; };
		C45D869D1E9C695400AD432F /* ModuleExports-GEFoundation.swift in Sources */ = {isa = PBXBuildFile; fileRef = C44538541E999B40009E68EB /* ModuleExports-GEFoundation.swift */; };
		C45D869E1E9C6A0C00AD432F /* AccountPossessor.swift in Sources */ = {isa = PBXBuildFile; fileRef = C463FB6C1E91D9BD00F984D1 /* AccountPossessor.swift */; };
		C45D869F1E9C6A2700AD432F /* GlobalAccountController.swift in Sources */ = {isa = PBXBuildFile; fileRef = C47E00A21E99906A00E5D521 /* GlobalAccountController.swift */; };
		C45D86A01E9C6A5500AD432F /* AccountController.swift in Sources */ = {isa = PBXBuildFile; fileRef = C4C5CEBA1E744FF00089DC2F /* AccountController.swift */; };
		C45D86A11E9C6A9100AD432F /* UserDefaults.swift in Sources */ = {isa = PBXBuildFile; fileRef = C4C72B311E635A8D004E6BB0 /* UserDefaults.swift */; };
		C45D86A21E9C6ABB00AD432F /* ActionTracking.swift in Sources */ = {isa = PBXBuildFile; fileRef = C4209FFE1E7E98A0005FCF87 /* ActionTracking.swift */; };
		C45D86A31E9C6ABB00AD432F /* ActionLogger.swift in Sources */ = {isa = PBXBuildFile; fileRef = C46E01291E7F40150092F57B /* ActionLogger.swift */; };
		C45D86A41E9C6ABB00AD432F /* ActionTags.swift in Sources */ = {isa = PBXBuildFile; fileRef = C420A0001E7E9A3B005FCF87 /* ActionTags.swift */; };
		C45D86A71E9D7F0D00AD432F /* Localized.swift in Sources */ = {isa = PBXBuildFile; fileRef = C45D86A61E9D7F0D00AD432F /* Localized.swift */; };
		C45D86A81E9D811400AD432F /* ModuleExports-GETracing.swift in Sources */ = {isa = PBXBuildFile; fileRef = C44538521E999AB1009E68EB /* ModuleExports-GETracing.swift */; };
		C45D86A91E9D811400AD432F /* ModuleExports-GEFoundation.swift in Sources */ = {isa = PBXBuildFile; fileRef = C44538541E999B40009E68EB /* ModuleExports-GEFoundation.swift */; };
		C4637A3F1E7601F000E5BD25 /* InfoPlist.strings in Resources */ = {isa = PBXBuildFile; fileRef = C4637A411E7601F000E5BD25 /* InfoPlist.strings */; };
		C4637A431E7605EF00E5BD25 /* Settings.bundle in Resources */ = {isa = PBXBuildFile; fileRef = C4637A421E7605EF00E5BD25 /* Settings.bundle */; };
		C463FB6B1E91D80E00F984D1 /* ShortcutsController.swift in Sources */ = {isa = PBXBuildFile; fileRef = C463FB6A1E91D80E00F984D1 /* ShortcutsController.swift */; };
		C46C01191E9090DC00186888 /* AppIcon-MultifonOnly.png in Resources */ = {isa = PBXBuildFile; fileRef = C46C01161E9090DC00186888 /* AppIcon-MultifonOnly.png */; };
		C46C011A1E9090DC00186888 /* AppIcon-PhoneAndMultifon.png in Resources */ = {isa = PBXBuildFile; fileRef = C46C01171E9090DC00186888 /* AppIcon-PhoneAndMultifon.png */; };
		C46C011B1E9090DC00186888 /* AppIcon-PhoneOnly.png in Resources */ = {isa = PBXBuildFile; fileRef = C46C01181E9090DC00186888 /* AppIcon-PhoneOnly.png */; };
		C47456641E64F71F003C7656 /* MultifonNumberTextField.swift in Sources */ = {isa = PBXBuildFile; fileRef = C47456631E64F71F003C7656 /* MultifonNumberTextField.swift */; };
		C47E009D1E96C65E00E5D521 /* Undoable.swift in Sources */ = {isa = PBXBuildFile; fileRef = C47E009C1E96C65E00E5D521 /* Undoable.swift */; };
		C47E009F1E98D5D600E5D521 /* AlternateAppIconController.swift in Sources */ = {isa = PBXBuildFile; fileRef = C47E009E1E98D5D600E5D521 /* AlternateAppIconController.swift */; };
		C4C5CEBD1E7464020089DC2F /* UIKitExtensions.swift in Sources */ = {isa = PBXBuildFile; fileRef = C4C5CEBC1E7464020089DC2F /* UIKitExtensions.swift */; };
		C4C5CEC31E7561DB0089DC2F /* RouteTableViewCell.swift in Sources */ = {isa = PBXBuildFile; fileRef = C4C5CEC21E7561DB0089DC2F /* RouteTableViewCell.swift */; };
		C4C5CEC61E757B040089DC2F /* AccountDetails.strings in Resources */ = {isa = PBXBuildFile; fileRef = C4C5CEC81E757B040089DC2F /* AccountDetails.strings */; };
		C4C5CECB1E757B050089DC2F /* RoutingViewAccountAlert.strings in Resources */ = {isa = PBXBuildFile; fileRef = C4C5CECD1E757B050089DC2F /* RoutingViewAccountAlert.strings */; };
		C4C5CED51E758EFE0089DC2F /* MultifonRedirectFastlaneSnapshot.swift in Sources */ = {isa = PBXBuildFile; fileRef = C4C5CED41E758EFE0089DC2F /* MultifonRedirectFastlaneSnapshot.swift */; };
		C4C5CEDD1E75904A0089DC2F /* SnapshotHelper.swift in Sources */ = {isa = PBXBuildFile; fileRef = C4C5CEDC1E7590490089DC2F /* SnapshotHelper.swift */; };
		C4D7FC5B1E61EEB500C40FE8 /* Localized.swift in Sources */ = {isa = PBXBuildFile; fileRef = C4D7FC5A1E61EEB500C40FE8 /* Localized.swift */; };
		C4D7FC5D1E61EF3B00C40FE8 /* ExternalDependencies.swift in Sources */ = {isa = PBXBuildFile; fileRef = C4D7FC5C1E61EF3B00C40FE8 /* ExternalDependencies.swift */; };
		C4D7FC5F1E620FC200C40FE8 /* RequestErrorPresentation.swift in Sources */ = {isa = PBXBuildFile; fileRef = C4D7FC5E1E620FC200C40FE8 /* RequestErrorPresentation.swift */; };
		C4D7FC621E6216FC00C40FE8 /* AccountParamsEditor.strings in Resources */ = {isa = PBXBuildFile; fileRef = C4D7FC641E6216FC00C40FE8 /* AccountParamsEditor.strings */; };
		C4D7FC681E6216FC00C40FE8 /* RequestError.strings in Resources */ = {isa = PBXBuildFile; fileRef = C4D7FC6A1E6216FC00C40FE8 /* RequestError.strings */; };
		C4D7FC6D1E6216FC00C40FE8 /* RoutingViewErrorAlert.strings in Resources */ = {isa = PBXBuildFile; fileRef = C4D7FC6F1E6216FC00C40FE8 /* RoutingViewErrorAlert.strings */; };
		C4D7FC721E6216FD00C40FE8 /* InfoPlist.strings in Resources */ = {isa = PBXBuildFile; fileRef = C4D7FC741E6216FD00C40FE8 /* InfoPlist.strings */; };
		C4D7FC781E6216FD00C40FE8 /* RoutingView.strings in Resources */ = {isa = PBXBuildFile; fileRef = C4D7FC7A1E6216FD00C40FE8 /* RoutingView.strings */; };
		C4F359431E5D139400F2B779 /* AppDelegate.swift in Sources */ = {isa = PBXBuildFile; fileRef = C4F359421E5D139400F2B779 /* AppDelegate.swift */; };
		C4F359451E5D139400F2B779 /* RoutingViewController.swift in Sources */ = {isa = PBXBuildFile; fileRef = C4F359441E5D139400F2B779 /* RoutingViewController.swift */; };
		C4F359481E5D139500F2B779 /* Main.storyboard in Resources */ = {isa = PBXBuildFile; fileRef = C4F359461E5D139500F2B779 /* Main.storyboard */; };
		C4F3594A1E5D139500F2B779 /* Assets.xcassets in Resources */ = {isa = PBXBuildFile; fileRef = C4F359491E5D139500F2B779 /* Assets.xcassets */; };
		C4F3594D1E5D139500F2B779 /* LaunchScreen.storyboard in Resources */ = {isa = PBXBuildFile; fileRef = C4F3594B1E5D139500F2B779 /* LaunchScreen.storyboard */; };
		E1A2AB89E9B71F77250E576E /* RoutingViewController.swift in Embed Sources */ = {isa = PBXBuildFile; fileRef = C4F359441E5D139400F2B779 /* RoutingViewController.swift */; };
		E1EF069624385C952474B75E /* Fabric.swift in Embed Sources */ = {isa = PBXBuildFile; fileRef = C43F80A61E6B276100349011 /* Fabric.swift */; };
		E7191493BE10AD51D022A326 /* ModuleExports-GETracing.swift in Embed Sources */ = {isa = PBXBuildFile; fileRef = C44538521E999AB1009E68EB /* ModuleExports-GETracing.swift */; };
		EAEC95D7C82021407EA73B59 /* GlobalAccountController.swift in Embed Sources */ = {isa = PBXBuildFile; fileRef = C47E00A21E99906A00E5D521 /* GlobalAccountController.swift */; };
		FA9A7AF7431F75CDC0164C03 /* PhoneNumbers.swift in Embed Sources */ = {isa = PBXBuildFile; fileRef = C4C72B331E635ADC004E6BB0 /* PhoneNumbers.swift */; };
/* End PBXBuildFile section */

/* Begin PBXContainerItemProxy section */
		C45D865F1E9C340300AD432F /* PBXContainerItemProxy */ = {
			isa = PBXContainerItemProxy;
			containerPortal = C4F359371E5D139400F2B779 /* Project object */;
			proxyType = 1;
			remoteGlobalIDString = C45D86531E9C340300AD432F;
			remoteInfo = MultifonRedirectToday;
		};
		C45D867B1E9C664100AD432F /* PBXContainerItemProxy */ = {
			isa = PBXContainerItemProxy;
			containerPortal = C4F359371E5D139400F2B779 /* Project object */;
			proxyType = 1;
			remoteGlobalIDString = C45D86701E9C664100AD432F;
			remoteInfo = MultifonRedirectSupport;
		};
		C45D867D1E9C664100AD432F /* PBXContainerItemProxy */ = {
			isa = PBXContainerItemProxy;
			containerPortal = C4F359371E5D139400F2B779 /* Project object */;
			proxyType = 1;
			remoteGlobalIDString = C4F3593E1E5D139400F2B779;
			remoteInfo = MultifonRedirect;
		};
		C45D86841E9C664100AD432F /* PBXContainerItemProxy */ = {
			isa = PBXContainerItemProxy;
			containerPortal = C4F359371E5D139400F2B779 /* Project object */;
			proxyType = 1;
			remoteGlobalIDString = C45D86701E9C664100AD432F;
			remoteInfo = MultifonRedirectSupport;
		};
		C4C5CED71E758EFE0089DC2F /* PBXContainerItemProxy */ = {
			isa = PBXContainerItemProxy;
			containerPortal = C4F359371E5D139400F2B779 /* Project object */;
			proxyType = 1;
			remoteGlobalIDString = C4F3593E1E5D139400F2B779;
			remoteInfo = MultifonRedirect;
		};
/* End PBXContainerItemProxy section */

/* Begin PBXCopyFilesBuildPhase section */
		63A6EC1A729B598979EDAC4D /* Embed Sources */ = {
			isa = PBXCopyFilesBuildPhase;
			buildActionMask = 2147483647;
			dstPath = "Sources/$(TARGET_NAME)";
			dstSubfolderSpec = 7;
			files = (
				3A3F553BD3A18FB92DB1B097 /* MultifonRedirectSupportTests.swift in Embed Sources */,
			);
			name = "Embed Sources";
			runOnlyForDeploymentPostprocessing = 0;
		};
		75C1A1F319A946F1A2E97184 /* Embed Sources */ = {
			isa = PBXCopyFilesBuildPhase;
			buildActionMask = 2147483647;
			dstPath = "Sources/$(TARGET_NAME)";
			dstSubfolderSpec = 7;
			files = (
				5E034A0B37599627D742D2B0 /* MultifonRedirectFastlaneSnapshot.swift in Embed Sources */,
				5020BB0D24D8F8947E0AF50A /* SnapshotHelper.swift in Embed Sources */,
			);
			name = "Embed Sources";
			runOnlyForDeploymentPostprocessing = 0;
		};
		7F04F71206F208950B561637 /* Embed Sources */ = {
			isa = PBXCopyFilesBuildPhase;
			buildActionMask = 2147483647;
			dstPath = "Sources/$(TARGET_NAME)";
			dstSubfolderSpec = 7;
			files = (
				2F8C4E50A9F9B8F9D383FAE7 /* RequestErrorPresentation.swift in Embed Sources */,
				E1A2AB89E9B71F77250E576E /* RoutingViewController.swift in Embed Sources */,
				9D13446D8B3279FE8FB17EFE /* AccountDetailsViewController.swift in Embed Sources */,
				5EC69BEAE740F2FF3F5260E8 /* MultifonNumberTextField.swift in Embed Sources */,
				36AAE74F6406BA12DA5AC188 /* AppDelegate.swift in Embed Sources */,
				5D0AF200567DA496858F686F /* RouteTableViewCell.swift in Embed Sources */,
				8D09BF4C847597FF71810F9B /* ModuleExports-GETracing.swift in Embed Sources */,
				B841F88D848765D6C197A631 /* ExternalDependencies.swift in Embed Sources */,
				AF6228B722177B407E6A6479 /* Localized.swift in Embed Sources */,
				0F814D7E7D88105145BE4FE7 /* ShortcutsController.swift in Embed Sources */,
				E1EF069624385C952474B75E /* Fabric.swift in Embed Sources */,
				3A6B0537411CEF5C3EBD4301 /* AlternateAppIconController.swift in Embed Sources */,
				49CDABFEC00AB4B03F10B500 /* Globals.swift in Embed Sources */,
				784795B4037F501EB59FFAED /* ModuleExports-GEFoundation.swift in Embed Sources */,
				ADA5F5D75F681BBC0DD0431C /* UIKitExtensions.swift in Embed Sources */,
				00FC70D9511D8DF6CD625333 /* Undoable.swift in Embed Sources */,
			);
			name = "Embed Sources";
			runOnlyForDeploymentPostprocessing = 0;
		};
		84C34F0A0F5757EF63B4566F /* Embed Sources */ = {
			isa = PBXCopyFilesBuildPhase;
			buildActionMask = 2147483647;
			dstPath = "Sources/$(TARGET_NAME)";
			dstSubfolderSpec = 7;
			files = (
				848A30F980F025F3304DECC8 /* AccountPossessor.swift in Embed Sources */,
				13B22E1D8BC932C5AE7AA1C9 /* FoundationExtensions.swift in Embed Sources */,
				EAEC95D7C82021407EA73B59 /* GlobalAccountController.swift in Embed Sources */,
				B477A17F7799EF5805C52076 /* RoutingRequests.swift in Embed Sources */,
				2F48ECC6805AAD7935052EDF /* ActionTags.swift in Embed Sources */,
				2AD5C3F626B55728AF2DEF73 /* ModuleExports-GEFoundation.swift in Embed Sources */,
				E7191493BE10AD51D022A326 /* ModuleExports-GETracing.swift in Embed Sources */,
				27D0E4B9B31D5EE519F67CB8 /* UserDefaults.swift in Embed Sources */,
				13B34ECA671FD8BC8CE0F168 /* AccountController.swift in Embed Sources */,
				2183227EAC269D575FF9BF6B /* ActionTracking.swift in Embed Sources */,
				FA9A7AF7431F75CDC0164C03 /* PhoneNumbers.swift in Embed Sources */,
				19BCC9A245F3BB232382690A /* Data.swift in Embed Sources */,
				1A8736907752E356259C1B3A /* ActionLogger.swift in Embed Sources */,
			);
			name = "Embed Sources";
			runOnlyForDeploymentPostprocessing = 0;
		};
		C40909BF1E63684D006BBF04 /* Embed Frameworks */ = {
			isa = PBXCopyFilesBuildPhase;
			buildActionMask = 2147483647;
			dstPath = "";
			dstSubfolderSpec = 10;
			files = (
				C40909BE1E63684D006BBF04 /* PhoneNumberKit.framework in Embed Frameworks */,
				C44538501E999A49009E68EB /* GEFoundation.framework in Embed Frameworks */,
				C45D86871E9C664100AD432F /* MultifonRedirectSupport.framework in Embed Frameworks */,
				C445384D1E999A44009E68EB /* GETracing.framework in Embed Frameworks */,
			);
			name = "Embed Frameworks";
			runOnlyForDeploymentPostprocessing = 0;
		};
		C45D86651E9C340300AD432F /* Embed App Extensions */ = {
			isa = PBXCopyFilesBuildPhase;
			buildActionMask = 2147483647;
			dstPath = "";
			dstSubfolderSpec = 13;
			files = (
				C45D86611E9C340300AD432F /* MultifonRedirectToday.appex in Embed App Extensions */,
			);
			name = "Embed App Extensions";
			runOnlyForDeploymentPostprocessing = 0;
		};
		E571E7B07EFE1AEA02760534 /* Embed Sources */ = {
			isa = PBXCopyFilesBuildPhase;
			buildActionMask = 2147483647;
			dstPath = "Sources/$(TARGET_NAME)";
			dstSubfolderSpec = 7;
			files = (
				6EB3C0E746B2406E6C90F3D9 /* ModuleExports-GEFoundation.swift in Embed Sources */,
				7C8E9DBF06FE5819495EB0AF /* TodayViewController.swift in Embed Sources */,
				88BA1DF069F2066B1F22C681 /* Localized.swift in Embed Sources */,
				7AEAC1F8EDBFC00B1C64E1BD /* ModuleExports-GETracing.swift in Embed Sources */,
			);
			name = "Embed Sources";
			runOnlyForDeploymentPostprocessing = 0;
		};
/* End PBXCopyFilesBuildPhase section */

/* Begin PBXFileReference section */
		C40909BC1E63684D006BBF04 /* PhoneNumberKit.framework */ = {isa = PBXFileReference; explicitFileType = wrapper.framework; path = PhoneNumberKit.framework; sourceTree = BUILT_PRODUCTS_DIR; };
		C40909C11E6376F7006BBF04 /* AccountDetailsViewController.swift */ = {isa = PBXFileReference; fileEncoding = 4; lastKnownFileType = sourcecode.swift; path = AccountDetailsViewController.swift; sourceTree = "<group>"; };
		C4209FFE1E7E98A0005FCF87 /* ActionTracking.swift */ = {isa = PBXFileReference; fileEncoding = 4; lastKnownFileType = sourcecode.swift; path = ActionTracking.swift; sourceTree = "<group>"; };
		C420A0001E7E9A3B005FCF87 /* ActionTags.swift */ = {isa = PBXFileReference; fileEncoding = 4; lastKnownFileType = sourcecode.swift; path = ActionTags.swift; sourceTree = "<group>"; };
		C4290F871EA313F100CAD5AE /* Globals.swift */ = {isa = PBXFileReference; fileEncoding = 4; lastKnownFileType = sourcecode.swift; path = Globals.swift; sourceTree = "<group>"; };
		C4290F901EA328C000CAD5AE /* ru */ = {isa = PBXFileReference; lastKnownFileType = text.plist.strings; name = ru; path = ru.lproj/InfoPlist.strings; sourceTree = "<group>"; };
		C4290F951EA328C000CAD5AE /* ru */ = {isa = PBXFileReference; lastKnownFileType = text.plist.strings; name = ru; path = ru.lproj/Today.strings; sourceTree = "<group>"; };
		C4290F9A1EA328C100CAD5AE /* ru */ = {isa = PBXFileReference; lastKnownFileType = text.plist.strings; name = ru; path = ru.lproj/InfoPlist.strings; sourceTree = "<group>"; };
		C431B4FA1E907AAD00D67D5A /* AppIcon-MultifonOnly@2x.png */ = {isa = PBXFileReference; lastKnownFileType = image.png; name = "AppIcon-MultifonOnly@2x.png"; path = "AlternateAppIcons/AppIcon-MultifonOnly@2x.png"; sourceTree = "<group>"; };
		C431B4FB1E907AAD00D67D5A /* AppIcon-MultifonOnly@3x.png */ = {isa = PBXFileReference; lastKnownFileType = image.png; name = "AppIcon-MultifonOnly@3x.png"; path = "AlternateAppIcons/AppIcon-MultifonOnly@3x.png"; sourceTree = "<group>"; };
		C431B5001E907ABD00D67D5A /* AppIcon-PhoneAndMultifon@2x.png */ = {isa = PBXFileReference; lastKnownFileType = image.png; name = "AppIcon-PhoneAndMultifon@2x.png"; path = "AlternateAppIcons/AppIcon-PhoneAndMultifon@2x.png"; sourceTree = "<group>"; };
		C431B5011E907ABD00D67D5A /* AppIcon-PhoneAndMultifon@3x.png */ = {isa = PBXFileReference; lastKnownFileType = image.png; name = "AppIcon-PhoneAndMultifon@3x.png"; path = "AlternateAppIcons/AppIcon-PhoneAndMultifon@3x.png"; sourceTree = "<group>"; };
		C431B5031E907ABD00D67D5A /* AppIcon-PhoneOnly@2x.png */ = {isa = PBXFileReference; lastKnownFileType = image.png; name = "AppIcon-PhoneOnly@2x.png"; path = "AlternateAppIcons/AppIcon-PhoneOnly@2x.png"; sourceTree = "<group>"; };
		C431B5041E907ABD00D67D5A /* AppIcon-PhoneOnly@3x.png */ = {isa = PBXFileReference; lastKnownFileType = image.png; name = "AppIcon-PhoneOnly@3x.png"; path = "AlternateAppIcons/AppIcon-PhoneOnly@3x.png"; sourceTree = "<group>"; };
		C43F80A61E6B276100349011 /* Fabric.swift */ = {isa = PBXFileReference; fileEncoding = 4; lastKnownFileType = sourcecode.swift; path = Fabric.swift; sourceTree = "<group>"; };
		C43F80AA1E6B286700349011 /* Fabric.framework */ = {isa = PBXFileReference; lastKnownFileType = wrapper.framework; name = Fabric.framework; path = ../Pods/Fabric/iOS/Fabric.framework; sourceTree = "<group>"; };
		C43F80AC1E6B37D300349011 /* MultifonRedirect.debug.xcconfig */ = {isa = PBXFileReference; lastKnownFileType = text.xcconfig; path = MultifonRedirect.debug.xcconfig; sourceTree = SOURCE_ROOT; };
		C43F80AD1E6B37D300349011 /* MultifonRedirect.release.xcconfig */ = {isa = PBXFileReference; lastKnownFileType = text.xcconfig; path = MultifonRedirect.release.xcconfig; sourceTree = SOURCE_ROOT; };
		C43F80AE1E6B3B4400349011 /* MultifonRedirect-app.xcconfig */ = {isa = PBXFileReference; lastKnownFileType = text.xcconfig; path = "MultifonRedirect-app.xcconfig"; sourceTree = SOURCE_ROOT; };
		C445384B1E999A44009E68EB /* GETracing.framework */ = {isa = PBXFileReference; explicitFileType = wrapper.framework; path = GETracing.framework; sourceTree = BUILT_PRODUCTS_DIR; };
		C445384E1E999A49009E68EB /* GEFoundation.framework */ = {isa = PBXFileReference; explicitFileType = wrapper.framework; path = GEFoundation.framework; sourceTree = BUILT_PRODUCTS_DIR; };
		C44538521E999AB1009E68EB /* ModuleExports-GETracing.swift */ = {isa = PBXFileReference; fileEncoding = 4; lastKnownFileType = sourcecode.swift; name = "ModuleExports-GETracing.swift"; path = "../../GETracing/GETracing/ModuleExports-GETracing.swift"; sourceTree = "<group>"; };
		C44538541E999B40009E68EB /* ModuleExports-GEFoundation.swift */ = {isa = PBXFileReference; fileEncoding = 4; lastKnownFileType = sourcecode.swift; name = "ModuleExports-GEFoundation.swift"; path = "../../GEFoundation/GEFoundation/ModuleExports-GEFoundation.swift"; sourceTree = "<group>"; };
		C44538591E9AD0DD009E68EB /* ru */ = {isa = PBXFileReference; lastKnownFileType = text.plist.strings; name = ru; path = ru.lproj/Shortcuts.strings; sourceTree = "<group>"; };
		C45D86541E9C340300AD432F /* MultifonRedirectToday.appex */ = {isa = PBXFileReference; explicitFileType = "wrapper.app-extension"; includeInIndex = 0; path = MultifonRedirectToday.appex; sourceTree = BUILT_PRODUCTS_DIR; };
		C45D86561E9C340300AD432F /* NotificationCenter.framework */ = {isa = PBXFileReference; lastKnownFileType = wrapper.framework; name = NotificationCenter.framework; path = System/Library/Frameworks/NotificationCenter.framework; sourceTree = SDKROOT; };
		C45D86591E9C340300AD432F /* TodayViewController.swift */ = {isa = PBXFileReference; lastKnownFileType = sourcecode.swift; path = TodayViewController.swift; sourceTree = "<group>"; };
		C45D865C1E9C340300AD432F /* Base */ = {isa = PBXFileReference; lastKnownFileType = file.storyboard; name = Base; path = Base.lproj/MainInterface.storyboard; sourceTree = "<group>"; };
		C45D865E1E9C340300AD432F /* Info.plist */ = {isa = PBXFileReference; lastKnownFileType = text.plist.xml; path = Info.plist; sourceTree = "<group>"; };
		C45D86691E9C64B300AD432F /* ru */ = {isa = PBXFileReference; lastKnownFileType = text.plist.strings; name = ru; path = ru.lproj/InfoPlist.strings; sourceTree = "<group>"; };
		C45D866B1E9C64B300AD432F /* ru */ = {isa = PBXFileReference; lastKnownFileType = text.plist.strings; name = ru; path = ru.lproj/MainInterface.strings; sourceTree = "<group>"; };
		C45D86711E9C664100AD432F /* MultifonRedirectSupport.framework */ = {isa = PBXFileReference; explicitFileType = wrapper.framework; includeInIndex = 0; path = MultifonRedirectSupport.framework; sourceTree = BUILT_PRODUCTS_DIR; };
		C45D86741E9C664100AD432F /* Info.plist */ = {isa = PBXFileReference; lastKnownFileType = text.plist.xml; path = Info.plist; sourceTree = "<group>"; };
		C45D86791E9C664100AD432F /* MultifonRedirectSupportTests.xctest */ = {isa = PBXFileReference; explicitFileType = wrapper.cfbundle; includeInIndex = 0; path = MultifonRedirectSupportTests.xctest; sourceTree = BUILT_PRODUCTS_DIR; };
		C45D86801E9C664100AD432F /* MultifonRedirectSupportTests.swift */ = {isa = PBXFileReference; lastKnownFileType = sourcecode.swift; path = MultifonRedirectSupportTests.swift; sourceTree = "<group>"; };
		C45D86821E9C664100AD432F /* Info.plist */ = {isa = PBXFileReference; lastKnownFileType = text.plist.xml; path = Info.plist; sourceTree = "<group>"; };
		C45D868F1E9C677A00AD432F /* MultifonRedirect.entitlements */ = {isa = PBXFileReference; lastKnownFileType = text.plist.entitlements; path = MultifonRedirect.entitlements; sourceTree = "<group>"; };
		C45D86901E9C680A00AD432F /* MultifonRedirectToday.entitlements */ = {isa = PBXFileReference; lastKnownFileType = text.plist.entitlements; path = MultifonRedirectToday.entitlements; sourceTree = "<group>"; };
		C45D86A61E9D7F0D00AD432F /* Localized.swift */ = {isa = PBXFileReference; fileEncoding = 4; lastKnownFileType = sourcecode.swift; path = Localized.swift; sourceTree = "<group>"; };
		C4637A401E7601F000E5BD25 /* ru */ = {isa = PBXFileReference; lastKnownFileType = text.plist.strings; name = ru; path = ru.lproj/InfoPlist.strings; sourceTree = "<group>"; };
		C4637A421E7605EF00E5BD25 /* Settings.bundle */ = {isa = PBXFileReference; lastKnownFileType = "wrapper.plug-in"; path = Settings.bundle; sourceTree = "<group>"; };
		C463FB6A1E91D80E00F984D1 /* ShortcutsController.swift */ = {isa = PBXFileReference; fileEncoding = 4; lastKnownFileType = sourcecode.swift; path = ShortcutsController.swift; sourceTree = "<group>"; };
		C463FB6C1E91D9BD00F984D1 /* AccountPossessor.swift */ = {isa = PBXFileReference; fileEncoding = 4; lastKnownFileType = sourcecode.swift; path = AccountPossessor.swift; sourceTree = "<group>"; };
		C46C01161E9090DC00186888 /* AppIcon-MultifonOnly.png */ = {isa = PBXFileReference; lastKnownFileType = image.png; name = "AppIcon-MultifonOnly.png"; path = "AlternateAppIcons/AppIcon-MultifonOnly.png"; sourceTree = "<group>"; };
		C46C01171E9090DC00186888 /* AppIcon-PhoneAndMultifon.png */ = {isa = PBXFileReference; lastKnownFileType = image.png; name = "AppIcon-PhoneAndMultifon.png"; path = "AlternateAppIcons/AppIcon-PhoneAndMultifon.png"; sourceTree = "<group>"; };
		C46C01181E9090DC00186888 /* AppIcon-PhoneOnly.png */ = {isa = PBXFileReference; lastKnownFileType = image.png; name = "AppIcon-PhoneOnly.png"; path = "AlternateAppIcons/AppIcon-PhoneOnly.png"; sourceTree = "<group>"; };
		C46E01291E7F40150092F57B /* ActionLogger.swift */ = {isa = PBXFileReference; fileEncoding = 4; lastKnownFileType = sourcecode.swift; path = ActionLogger.swift; sourceTree = "<group>"; };
		C47456631E64F71F003C7656 /* MultifonNumberTextField.swift */ = {isa = PBXFileReference; fileEncoding = 4; lastKnownFileType = sourcecode.swift; path = MultifonNumberTextField.swift; sourceTree = "<group>"; };
		C47E009C1E96C65E00E5D521 /* Undoable.swift */ = {isa = PBXFileReference; fileEncoding = 4; lastKnownFileType = sourcecode.swift; path = Undoable.swift; sourceTree = "<group>"; };
		C47E009E1E98D5D600E5D521 /* AlternateAppIconController.swift */ = {isa = PBXFileReference; fileEncoding = 4; lastKnownFileType = sourcecode.swift; path = AlternateAppIconController.swift; sourceTree = "<group>"; };
		C47E00A01E997EB600E5D521 /* RoutingRequests.swift */ = {isa = PBXFileReference; fileEncoding = 4; lastKnownFileType = sourcecode.swift; path = RoutingRequests.swift; sourceTree = "<group>"; };
		C47E00A21E99906A00E5D521 /* GlobalAccountController.swift */ = {isa = PBXFileReference; fileEncoding = 4; lastKnownFileType = sourcecode.swift; path = GlobalAccountController.swift; sourceTree = "<group>"; };
		C4C5CEBA1E744FF00089DC2F /* AccountController.swift */ = {isa = PBXFileReference; fileEncoding = 4; lastKnownFileType = sourcecode.swift; path = AccountController.swift; sourceTree = "<group>"; };
		C4C5CEBC1E7464020089DC2F /* UIKitExtensions.swift */ = {isa = PBXFileReference; fileEncoding = 4; lastKnownFileType = sourcecode.swift; path = UIKitExtensions.swift; sourceTree = "<group>"; };
		C4C5CEC21E7561DB0089DC2F /* RouteTableViewCell.swift */ = {isa = PBXFileReference; fileEncoding = 4; lastKnownFileType = sourcecode.swift; path = RouteTableViewCell.swift; sourceTree = "<group>"; };
		C4C5CEC71E757B040089DC2F /* ru */ = {isa = PBXFileReference; lastKnownFileType = text.plist.strings; name = ru; path = ru.lproj/AccountDetails.strings; sourceTree = "<group>"; };
		C4C5CECC1E757B050089DC2F /* ru */ = {isa = PBXFileReference; lastKnownFileType = text.plist.strings; name = ru; path = ru.lproj/RoutingViewAccountAlert.strings; sourceTree = "<group>"; };
		C4C5CED21E758EFE0089DC2F /* MultifonRedirectFastlaneSnapshot.xctest */ = {isa = PBXFileReference; explicitFileType = wrapper.cfbundle; includeInIndex = 0; path = MultifonRedirectFastlaneSnapshot.xctest; sourceTree = BUILT_PRODUCTS_DIR; };
		C4C5CED41E758EFE0089DC2F /* MultifonRedirectFastlaneSnapshot.swift */ = {isa = PBXFileReference; lastKnownFileType = sourcecode.swift; path = MultifonRedirectFastlaneSnapshot.swift; sourceTree = "<group>"; };
		C4C5CED61E758EFE0089DC2F /* Info.plist */ = {isa = PBXFileReference; lastKnownFileType = text.plist.xml; path = Info.plist; sourceTree = "<group>"; };
		C4C5CEDC1E7590490089DC2F /* SnapshotHelper.swift */ = {isa = PBXFileReference; fileEncoding = 4; lastKnownFileType = sourcecode.swift; name = SnapshotHelper.swift; path = ../../fastlane/SnapshotHelper.swift; sourceTree = "<group>"; };
		C4C72B2F1E6359B8004E6BB0 /* FoundationExtensions.swift */ = {isa = PBXFileReference; fileEncoding = 4; lastKnownFileType = sourcecode.swift; path = FoundationExtensions.swift; sourceTree = "<group>"; };
		C4C72B311E635A8D004E6BB0 /* UserDefaults.swift */ = {isa = PBXFileReference; fileEncoding = 4; lastKnownFileType = sourcecode.swift; path = UserDefaults.swift; sourceTree = "<group>"; };
		C4C72B331E635ADC004E6BB0 /* PhoneNumbers.swift */ = {isa = PBXFileReference; fileEncoding = 4; lastKnownFileType = sourcecode.swift; path = PhoneNumbers.swift; sourceTree = "<group>"; };
		C4D7FC581E61C10200C40FE8 /* Data.swift */ = {isa = PBXFileReference; fileEncoding = 4; lastKnownFileType = sourcecode.swift; path = Data.swift; sourceTree = "<group>"; };
		C4D7FC5A1E61EEB500C40FE8 /* Localized.swift */ = {isa = PBXFileReference; fileEncoding = 4; lastKnownFileType = sourcecode.swift; path = Localized.swift; sourceTree = "<group>"; };
		C4D7FC5C1E61EF3B00C40FE8 /* ExternalDependencies.swift */ = {isa = PBXFileReference; fileEncoding = 4; lastKnownFileType = sourcecode.swift; path = ExternalDependencies.swift; sourceTree = "<group>"; };
		C4D7FC5E1E620FC200C40FE8 /* RequestErrorPresentation.swift */ = {isa = PBXFileReference; fileEncoding = 4; lastKnownFileType = sourcecode.swift; path = RequestErrorPresentation.swift; sourceTree = "<group>"; };
		C4D7FC631E6216FC00C40FE8 /* ru */ = {isa = PBXFileReference; lastKnownFileType = text.plist.strings; name = ru; path = ru.lproj/AccountParamsEditor.strings; sourceTree = "<group>"; };
		C4D7FC651E6216FC00C40FE8 /* ru */ = {isa = PBXFileReference; lastKnownFileType = text.plist.strings; name = ru; path = ru.lproj/Main.strings; sourceTree = "<group>"; };
		C4D7FC691E6216FC00C40FE8 /* ru */ = {isa = PBXFileReference; lastKnownFileType = text.plist.strings; name = ru; path = ru.lproj/RequestError.strings; sourceTree = "<group>"; };
		C4D7FC6E1E6216FC00C40FE8 /* ru */ = {isa = PBXFileReference; lastKnownFileType = text.plist.strings; name = ru; path = ru.lproj/RoutingViewErrorAlert.strings; sourceTree = "<group>"; };
		C4D7FC731E6216FD00C40FE8 /* ru */ = {isa = PBXFileReference; lastKnownFileType = text.plist.strings; name = ru; path = ru.lproj/InfoPlist.strings; sourceTree = "<group>"; };
		C4D7FC751E6216FD00C40FE8 /* ru */ = {isa = PBXFileReference; lastKnownFileType = text.plist.strings; name = ru; path = ru.lproj/LaunchScreen.strings; sourceTree = "<group>"; };
		C4D7FC791E6216FD00C40FE8 /* ru */ = {isa = PBXFileReference; lastKnownFileType = text.plist.strings; name = ru; path = ru.lproj/RoutingView.strings; sourceTree = "<group>"; };
		C4DF2A6B1E632FB70099A8DA /* GEShared.xcconfig */ = {isa = PBXFileReference; lastKnownFileType = text.xcconfig; name = GEShared.xcconfig; path = ../../XcodeConfiguration/GEShared.xcconfig; sourceTree = "<group>"; };
		C4F3593F1E5D139400F2B779 /* MultifonRedirect.app */ = {isa = PBXFileReference; explicitFileType = wrapper.application; includeInIndex = 0; path = MultifonRedirect.app; sourceTree = BUILT_PRODUCTS_DIR; };
		C4F359421E5D139400F2B779 /* AppDelegate.swift */ = {isa = PBXFileReference; lastKnownFileType = sourcecode.swift; path = AppDelegate.swift; sourceTree = "<group>"; };
		C4F359441E5D139400F2B779 /* RoutingViewController.swift */ = {isa = PBXFileReference; lastKnownFileType = sourcecode.swift; path = RoutingViewController.swift; sourceTree = "<group>"; };
		C4F359471E5D139500F2B779 /* Base */ = {isa = PBXFileReference; lastKnownFileType = file.storyboard; name = Base; path = Base.lproj/Main.storyboard; sourceTree = "<group>"; };
		C4F359491E5D139500F2B779 /* Assets.xcassets */ = {isa = PBXFileReference; lastKnownFileType = folder.assetcatalog; path = Assets.xcassets; sourceTree = "<group>"; };
		C4F3594C1E5D139500F2B779 /* Base */ = {isa = PBXFileReference; lastKnownFileType = file.storyboard; name = Base; path = Base.lproj/LaunchScreen.storyboard; sourceTree = "<group>"; };
		C4F3594E1E5D139500F2B779 /* Info.plist */ = {isa = PBXFileReference; lastKnownFileType = text.plist.xml; path = Info.plist; sourceTree = "<group>"; };
/* End PBXFileReference section */

/* Begin PBXFrameworksBuildPhase section */
		C45D86511E9C340300AD432F /* Frameworks */ = {
			isa = PBXFrameworksBuildPhase;
			buildActionMask = 2147483647;
			files = (
				C41B5C761E9D882800351FD8 /* GEFoundation.framework in Frameworks */,
				C41B5C711E9D880400351FD8 /* MultifonRedirectSupport.framework in Frameworks */,
				C41B5C721E9D880400351FD8 /* GETracing.framework in Frameworks */,
				C41B5C731E9D880400351FD8 /* PhoneNumberKit.framework in Frameworks */,
				C45D86571E9C340300AD432F /* NotificationCenter.framework in Frameworks */,
			);
			runOnlyForDeploymentPostprocessing = 0;
		};
		C45D866D1E9C664100AD432F /* Frameworks */ = {
			isa = PBXFrameworksBuildPhase;
			buildActionMask = 2147483647;
			files = (
				C45D869B1E9C692100AD432F /* PhoneNumberKit.framework in Frameworks */,
				C45D86991E9C691D00AD432F /* GETracing.framework in Frameworks */,
				C45D869A1E9C691D00AD432F /* GEFoundation.framework in Frameworks */,
			);
			runOnlyForDeploymentPostprocessing = 0;
		};
		C45D86761E9C664100AD432F /* Frameworks */ = {
			isa = PBXFrameworksBuildPhase;
			buildActionMask = 2147483647;
			files = (
				C45D867A1E9C664100AD432F /* MultifonRedirectSupport.framework in Frameworks */,
			);
			runOnlyForDeploymentPostprocessing = 0;
		};
		C4C5CECF1E758EFE0089DC2F /* Frameworks */ = {
			isa = PBXFrameworksBuildPhase;
			buildActionMask = 2147483647;
			files = (
			);
			runOnlyForDeploymentPostprocessing = 0;
		};
		C4F3593C1E5D139400F2B779 /* Frameworks */ = {
			isa = PBXFrameworksBuildPhase;
			buildActionMask = 2147483647;
			files = (
				C40909BD1E63684D006BBF04 /* PhoneNumberKit.framework in Frameworks */,
				C445384F1E999A49009E68EB /* GEFoundation.framework in Frameworks */,
				C45D86861E9C664100AD432F /* MultifonRedirectSupport.framework in Frameworks */,
				C43F80AF1E6B3C1200349011 /* Fabric.framework in Frameworks */,
				C445384C1E999A44009E68EB /* GETracing.framework in Frameworks */,
			);
			runOnlyForDeploymentPostprocessing = 0;
		};
/* End PBXFrameworksBuildPhase section */

/* Begin PBXGroup section */
		C40909C01E636876006BBF04 /* Frameworks */ = {
			isa = PBXGroup;
			children = (
				C445384B1E999A44009E68EB /* GETracing.framework */,
				C445384E1E999A49009E68EB /* GEFoundation.framework */,
				C43F80AA1E6B286700349011 /* Fabric.framework */,
				C40909BC1E63684D006BBF04 /* PhoneNumberKit.framework */,
			);
			name = Frameworks;
			path = ..;
			sourceTree = "<group>";
		};
		C431B50B1E907AC800D67D5A /* AlternateIcons */ = {
			isa = PBXGroup;
			children = (
				C46C01161E9090DC00186888 /* AppIcon-MultifonOnly.png */,
				C431B4FA1E907AAD00D67D5A /* AppIcon-MultifonOnly@2x.png */,
				C431B4FB1E907AAD00D67D5A /* AppIcon-MultifonOnly@3x.png */,
				C46C01171E9090DC00186888 /* AppIcon-PhoneAndMultifon.png */,
				C431B5001E907ABD00D67D5A /* AppIcon-PhoneAndMultifon@2x.png */,
				C431B5011E907ABD00D67D5A /* AppIcon-PhoneAndMultifon@3x.png */,
				C46C01181E9090DC00186888 /* AppIcon-PhoneOnly.png */,
				C431B5031E907ABD00D67D5A /* AppIcon-PhoneOnly@2x.png */,
				C431B5041E907ABD00D67D5A /* AppIcon-PhoneOnly@3x.png */,
			);
			name = AlternateIcons;
			sourceTree = "<group>";
		};
		C45D86551E9C340300AD432F /* Frameworks */ = {
			isa = PBXGroup;
			children = (
				C45D86561E9C340300AD432F /* NotificationCenter.framework */,
			);
			name = Frameworks;
			sourceTree = "<group>";
		};
		C45D86581E9C340300AD432F /* MultifonRedirectToday */ = {
			isa = PBXGroup;
			children = (
				C4290F961EA328C000CAD5AE /* Today.strings */,
				C45D86901E9C680A00AD432F /* MultifonRedirectToday.entitlements */,
				C45D866A1E9C64B300AD432F /* InfoPlist.strings */,
				C45D86591E9C340300AD432F /* TodayViewController.swift */,
				C45D86A61E9D7F0D00AD432F /* Localized.swift */,
				C45D865B1E9C340300AD432F /* MainInterface.storyboard */,
				C45D865E1E9C340300AD432F /* Info.plist */,
			);
			path = MultifonRedirectToday;
			sourceTree = "<group>";
		};
		C45D86721E9C664100AD432F /* MultifonRedirectSupport */ = {
			isa = PBXGroup;
			children = (
				C4290F9B1EA328C100CAD5AE /* InfoPlist.strings */,
				C4209FFE1E7E98A0005FCF87 /* ActionTracking.swift */,
				C46E01291E7F40150092F57B /* ActionLogger.swift */,
				C420A0001E7E9A3B005FCF87 /* ActionTags.swift */,
				C4C72B311E635A8D004E6BB0 /* UserDefaults.swift */,
				C4C5CEBA1E744FF00089DC2F /* AccountController.swift */,
				C47E00A21E99906A00E5D521 /* GlobalAccountController.swift */,
				C463FB6C1E91D9BD00F984D1 /* AccountPossessor.swift */,
				C47E00A01E997EB600E5D521 /* RoutingRequests.swift */,
				C4D7FC581E61C10200C40FE8 /* Data.swift */,
				C4C72B331E635ADC004E6BB0 /* PhoneNumbers.swift */,
				C4C72B2F1E6359B8004E6BB0 /* FoundationExtensions.swift */,
				C44538521E999AB1009E68EB /* ModuleExports-GETracing.swift */,
				C44538541E999B40009E68EB /* ModuleExports-GEFoundation.swift */,
				C45D86741E9C664100AD432F /* Info.plist */,
			);
			path = MultifonRedirectSupport;
			sourceTree = "<group>";
		};
		C45D867F1E9C664100AD432F /* MultifonRedirectSupportTests */ = {
			isa = PBXGroup;
			children = (
				C4290F911EA328C000CAD5AE /* InfoPlist.strings */,
				C45D86801E9C664100AD432F /* MultifonRedirectSupportTests.swift */,
				C45D86821E9C664100AD432F /* Info.plist */,
			);
			path = MultifonRedirectSupportTests;
			sourceTree = "<group>";
		};
		C4637A3C1E75A9D000E5BD25 /* XCConfigs */ = {
			isa = PBXGroup;
			children = (
				C43F80AE1E6B3B4400349011 /* MultifonRedirect-app.xcconfig */,
				C43F80AC1E6B37D300349011 /* MultifonRedirect.debug.xcconfig */,
				C43F80AD1E6B37D300349011 /* MultifonRedirect.release.xcconfig */,
				C4DF2A6B1E632FB70099A8DA /* GEShared.xcconfig */,
			);
			name = XCConfigs;
			sourceTree = "<group>";
		};
		C4C5CED31E758EFE0089DC2F /* MultifonRedirectFastlaneSnapshot */ = {
			isa = PBXGroup;
			children = (
				C4637A411E7601F000E5BD25 /* InfoPlist.strings */,
				C4C5CED41E758EFE0089DC2F /* MultifonRedirectFastlaneSnapshot.swift */,
				C4C5CEDC1E7590490089DC2F /* SnapshotHelper.swift */,
				C4C5CED61E758EFE0089DC2F /* Info.plist */,
			);
			path = MultifonRedirectFastlaneSnapshot;
			sourceTree = "<group>";
		};
		C4D7FC7B1E621A3300C40FE8 /* Strings */ = {
			isa = PBXGroup;
			children = (
				C445385A1E9AD0DD009E68EB /* Shortcuts.strings */,
				C4C5CECD1E757B050089DC2F /* RoutingViewAccountAlert.strings */,
				C4C5CEC81E757B040089DC2F /* AccountDetails.strings */,
				C4D7FC7A1E6216FD00C40FE8 /* RoutingView.strings */,
				C4D7FC741E6216FD00C40FE8 /* InfoPlist.strings */,
				C4D7FC6F1E6216FC00C40FE8 /* RoutingViewErrorAlert.strings */,
				C4D7FC6A1E6216FC00C40FE8 /* RequestError.strings */,
				C4D7FC641E6216FC00C40FE8 /* AccountParamsEditor.strings */,
			);
			name = Strings;
			sourceTree = "<group>";
		};
		C4F359361E5D139400F2B779 = {
			isa = PBXGroup;
			children = (
				C4F359411E5D139400F2B779 /* MultifonRedirect */,
				C4C5CED31E758EFE0089DC2F /* MultifonRedirectFastlaneSnapshot */,
				C45D86581E9C340300AD432F /* MultifonRedirectToday */,
				C45D86721E9C664100AD432F /* MultifonRedirectSupport */,
				C45D867F1E9C664100AD432F /* MultifonRedirectSupportTests */,
				C45D86551E9C340300AD432F /* Frameworks */,
				C4F359401E5D139400F2B779 /* Products */,
			);
			sourceTree = "<group>";
		};
		C4F359401E5D139400F2B779 /* Products */ = {
			isa = PBXGroup;
			children = (
				C4F3593F1E5D139400F2B779 /* MultifonRedirect.app */,
				C4C5CED21E758EFE0089DC2F /* MultifonRedirectFastlaneSnapshot.xctest */,
				C45D86541E9C340300AD432F /* MultifonRedirectToday.appex */,
				C45D86711E9C664100AD432F /* MultifonRedirectSupport.framework */,
				C45D86791E9C664100AD432F /* MultifonRedirectSupportTests.xctest */,
			);
			name = Products;
			sourceTree = "<group>";
		};
		C4F359411E5D139400F2B779 /* MultifonRedirect */ = {
			isa = PBXGroup;
			children = (
				C45D868F1E9C677A00AD432F /* MultifonRedirect.entitlements */,
				C4F359421E5D139400F2B779 /* AppDelegate.swift */,
				C463FB6A1E91D80E00F984D1 /* ShortcutsController.swift */,
				C43F80A61E6B276100349011 /* Fabric.swift */,
				C4F359441E5D139400F2B779 /* RoutingViewController.swift */,
				C47E009E1E98D5D600E5D521 /* AlternateAppIconController.swift */,
				C40909C11E6376F7006BBF04 /* AccountDetailsViewController.swift */,
				C47E009C1E96C65E00E5D521 /* Undoable.swift */,
				C4C5CEC21E7561DB0089DC2F /* RouteTableViewCell.swift */,
				C4D7FC5E1E620FC200C40FE8 /* RequestErrorPresentation.swift */,
				C4D7FC5C1E61EF3B00C40FE8 /* ExternalDependencies.swift */,
				C4C5CEBC1E7464020089DC2F /* UIKitExtensions.swift */,
				C47456631E64F71F003C7656 /* MultifonNumberTextField.swift */,
				C4290F871EA313F100CAD5AE /* Globals.swift */,
				C4F359461E5D139500F2B779 /* Main.storyboard */,
				C4F359491E5D139500F2B779 /* Assets.xcassets */,
				C4D7FC5A1E61EEB500C40FE8 /* Localized.swift */,
				C4D7FC7B1E621A3300C40FE8 /* Strings */,
				C4F3594B1E5D139500F2B779 /* LaunchScreen.storyboard */,
				C4F3594E1E5D139500F2B779 /* Info.plist */,
				C4637A421E7605EF00E5BD25 /* Settings.bundle */,
				C431B50B1E907AC800D67D5A /* AlternateIcons */,
				C4637A3C1E75A9D000E5BD25 /* XCConfigs */,
				C40909C01E636876006BBF04 /* Frameworks */,
			);
			path = MultifonRedirect;
			sourceTree = "<group>";
		};
/* End PBXGroup section */

/* Begin PBXHeadersBuildPhase section */
		C45D866E1E9C664100AD432F /* Headers */ = {
			isa = PBXHeadersBuildPhase;
			buildActionMask = 2147483647;
			files = (
			);
			runOnlyForDeploymentPostprocessing = 0;
		};
/* End PBXHeadersBuildPhase section */

/* Begin PBXNativeTarget section */
		C45D86531E9C340300AD432F /* MultifonRedirectToday */ = {
			isa = PBXNativeTarget;
			buildConfigurationList = C45D86621E9C340300AD432F /* Build configuration list for PBXNativeTarget "MultifonRedirectToday" */;
			buildPhases = (
				C45D86501E9C340300AD432F /* Sources */,
				C45D86511E9C340300AD432F /* Frameworks */,
				C45D86521E9C340300AD432F /* Resources */,
				C460D27F2093CD3B00EDA239 /* Embed Source Version into Bundle */,
				E571E7B07EFE1AEA02760534 /* Embed Sources */,
			);
			buildRules = (
			);
			dependencies = (
			);
			name = MultifonRedirectToday;
			productName = MultifonRedirectToday;
			productReference = C45D86541E9C340300AD432F /* MultifonRedirectToday.appex */;
			productType = "com.apple.product-type.app-extension";
		};
		C45D86701E9C664100AD432F /* MultifonRedirectSupport */ = {
			isa = PBXNativeTarget;
			buildConfigurationList = C45D86881E9C664100AD432F /* Build configuration list for PBXNativeTarget "MultifonRedirectSupport" */;
			buildPhases = (
				C45D866C1E9C664100AD432F /* Sources */,
				C45D866D1E9C664100AD432F /* Frameworks */,
				C45D866E1E9C664100AD432F /* Headers */,
				C45D866F1E9C664100AD432F /* Resources */,
				84C34F0A0F5757EF63B4566F /* Embed Sources */,
			);
			buildRules = (
			);
			dependencies = (
			);
			name = MultifonRedirectSupport;
			productName = MultifonRedirectSupport;
			productReference = C45D86711E9C664100AD432F /* MultifonRedirectSupport.framework */;
			productType = "com.apple.product-type.framework";
		};
		C45D86781E9C664100AD432F /* MultifonRedirectSupportTests */ = {
			isa = PBXNativeTarget;
			buildConfigurationList = C45D868B1E9C664100AD432F /* Build configuration list for PBXNativeTarget "MultifonRedirectSupportTests" */;
			buildPhases = (
				C45D86751E9C664100AD432F /* Sources */,
				C45D86761E9C664100AD432F /* Frameworks */,
				C45D86771E9C664100AD432F /* Resources */,
				63A6EC1A729B598979EDAC4D /* Embed Sources */,
			);
			buildRules = (
			);
			dependencies = (
				C45D867C1E9C664100AD432F /* PBXTargetDependency */,
				C45D867E1E9C664100AD432F /* PBXTargetDependency */,
			);
			name = MultifonRedirectSupportTests;
			productName = MultifonRedirectSupportTests;
			productReference = C45D86791E9C664100AD432F /* MultifonRedirectSupportTests.xctest */;
			productType = "com.apple.product-type.bundle.unit-test";
		};
		C4C5CED11E758EFE0089DC2F /* MultifonRedirectFastlaneSnapshot */ = {
			isa = PBXNativeTarget;
			buildConfigurationList = C4C5CED91E758EFE0089DC2F /* Build configuration list for PBXNativeTarget "MultifonRedirectFastlaneSnapshot" */;
			buildPhases = (
				C4C5CECE1E758EFE0089DC2F /* Sources */,
				C4C5CECF1E758EFE0089DC2F /* Frameworks */,
				C4C5CED01E758EFE0089DC2F /* Resources */,
				75C1A1F319A946F1A2E97184 /* Embed Sources */,
			);
			buildRules = (
			);
			dependencies = (
				C4C5CED81E758EFE0089DC2F /* PBXTargetDependency */,
			);
			name = MultifonRedirectFastlaneSnapshot;
			productName = MultifonRedirectFastlaneSnapshot;
			productReference = C4C5CED21E758EFE0089DC2F /* MultifonRedirectFastlaneSnapshot.xctest */;
			productType = "com.apple.product-type.bundle.ui-testing";
		};
		C4F3593E1E5D139400F2B779 /* MultifonRedirect */ = {
			isa = PBXNativeTarget;
			buildConfigurationList = C4F359511E5D139500F2B779 /* Build configuration list for PBXNativeTarget "MultifonRedirect" */;
			buildPhases = (
				C4F3593B1E5D139400F2B779 /* Sources */,
				C4F3593C1E5D139400F2B779 /* Frameworks */,
				C4F3593D1E5D139400F2B779 /* Resources */,
				C4DF2A6C1E6330A20099A8DA /* Embed Source Version into Bundle */,
				C40909BF1E63684D006BBF04 /* Embed Frameworks */,
				C43F80B11E6B3ED600349011 /* Integrate Fabric */,
				C45D86651E9C340300AD432F /* Embed App Extensions */,
				7F04F71206F208950B561637 /* Embed Sources */,
			);
			buildRules = (
			);
			dependencies = (
				C45D86601E9C340300AD432F /* PBXTargetDependency */,
				C45D86851E9C664100AD432F /* PBXTargetDependency */,
			);
			name = MultifonRedirect;
			productName = MultifonRedirect;
			productReference = C4F3593F1E5D139400F2B779 /* MultifonRedirect.app */;
			productType = "com.apple.product-type.application";
		};
/* End PBXNativeTarget section */

/* Begin PBXProject section */
		C4F359371E5D139400F2B779 /* Project object */ = {
			isa = PBXProject;
			attributes = {
				LastSwiftUpdateCheck = 0830;
				LastUpgradeCheck = 0930;
				ORGANIZATIONNAME = "Grigory Entin";
				TargetAttributes = {
					C45D86531E9C340300AD432F = {
						CreatedOnToolsVersion = 8.3;
						LastSwiftMigration = 0900;
						ProvisioningStyle = Automatic;
						SystemCapabilities = {
							com.apple.ApplicationGroups.iOS = {
								enabled = 1;
							};
						};
					};
					C45D86701E9C664100AD432F = {
						CreatedOnToolsVersion = 8.3;
						LastSwiftMigration = 0900;
						ProvisioningStyle = Automatic;
					};
					C45D86781E9C664100AD432F = {
						CreatedOnToolsVersion = 8.3;
						LastSwiftMigration = 0900;
						ProvisioningStyle = Automatic;
						TestTargetID = C4F3593E1E5D139400F2B779;
					};
					C4C5CED11E758EFE0089DC2F = {
						CreatedOnToolsVersion = 8.2.1;
						LastSwiftMigration = 0900;
						ProvisioningStyle = Automatic;
						TestTargetID = C4F3593E1E5D139400F2B779;
					};
					C4F3593E1E5D139400F2B779 = {
						CreatedOnToolsVersion = 8.3;
						LastSwiftMigration = 0900;
						ProvisioningStyle = Automatic;
						SystemCapabilities = {
							com.apple.ApplicationGroups.iOS = {
								enabled = 1;
							};
						};
					};
				};
			};
			buildConfigurationList = C4F3593A1E5D139400F2B779 /* Build configuration list for PBXProject "MultifonRedirect" */;
			compatibilityVersion = "Xcode 8.0";
			developmentRegion = English;
			hasScannedForEncodings = 0;
			knownRegions = (
				en,
				Base,
			);
			mainGroup = C4F359361E5D139400F2B779;
			productRefGroup = C4F359401E5D139400F2B779 /* Products */;
			projectDirPath = "";
			projectRoot = "";
			targets = (
				C4F3593E1E5D139400F2B779 /* MultifonRedirect */,
				C4C5CED11E758EFE0089DC2F /* MultifonRedirectFastlaneSnapshot */,
				C45D86531E9C340300AD432F /* MultifonRedirectToday */,
				C45D86701E9C664100AD432F /* MultifonRedirectSupport */,
				C45D86781E9C664100AD432F /* MultifonRedirectSupportTests */,
			);
		};
/* End PBXProject section */

/* Begin PBXResourcesBuildPhase section */
		C45D86521E9C340300AD432F /* Resources */ = {
			isa = PBXResourcesBuildPhase;
			buildActionMask = 2147483647;
			files = (
				C45D865D1E9C340300AD432F /* MainInterface.storyboard in Resources */,
				C45D86681E9C64B300AD432F /* InfoPlist.strings in Resources */,
				C4290F941EA328C000CAD5AE /* Today.strings in Resources */,
			);
			runOnlyForDeploymentPostprocessing = 0;
		};
		C45D866F1E9C664100AD432F /* Resources */ = {
			isa = PBXResourcesBuildPhase;
			buildActionMask = 2147483647;
			files = (
				C4290F991EA328C100CAD5AE /* InfoPlist.strings in Resources */,
			);
			runOnlyForDeploymentPostprocessing = 0;
		};
		C45D86771E9C664100AD432F /* Resources */ = {
			isa = PBXResourcesBuildPhase;
			buildActionMask = 2147483647;
			files = (
				C4290F8F1EA328C000CAD5AE /* InfoPlist.strings in Resources */,
			);
			runOnlyForDeploymentPostprocessing = 0;
		};
		C4C5CED01E758EFE0089DC2F /* Resources */ = {
			isa = PBXResourcesBuildPhase;
			buildActionMask = 2147483647;
			files = (
				C4637A3F1E7601F000E5BD25 /* InfoPlist.strings in Resources */,
			);
			runOnlyForDeploymentPostprocessing = 0;
		};
		C4F3593D1E5D139400F2B779 /* Resources */ = {
			isa = PBXResourcesBuildPhase;
			buildActionMask = 2147483647;
			files = (
				C46C011A1E9090DC00186888 /* AppIcon-PhoneAndMultifon.png in Resources */,
				C4D7FC6D1E6216FC00C40FE8 /* RoutingViewErrorAlert.strings in Resources */,
				C431B50A1E907ABD00D67D5A /* AppIcon-PhoneOnly@3x.png in Resources */,
				C4D7FC721E6216FD00C40FE8 /* InfoPlist.strings in Resources */,
				C4C5CEC61E757B040089DC2F /* AccountDetails.strings in Resources */,
				C431B5091E907ABD00D67D5A /* AppIcon-PhoneOnly@2x.png in Resources */,
				C4C5CECB1E757B050089DC2F /* RoutingViewAccountAlert.strings in Resources */,
				C431B4FE1E907AAD00D67D5A /* AppIcon-MultifonOnly@3x.png in Resources */,
				C4F3594D1E5D139500F2B779 /* LaunchScreen.storyboard in Resources */,
				C4F3594A1E5D139500F2B779 /* Assets.xcassets in Resources */,
				C4F359481E5D139500F2B779 /* Main.storyboard in Resources */,
				C46C011B1E9090DC00186888 /* AppIcon-PhoneOnly.png in Resources */,
				C431B4FD1E907AAD00D67D5A /* AppIcon-MultifonOnly@2x.png in Resources */,
				C4D7FC621E6216FC00C40FE8 /* AccountParamsEditor.strings in Resources */,
				C46C01191E9090DC00186888 /* AppIcon-MultifonOnly.png in Resources */,
				C4D7FC781E6216FD00C40FE8 /* RoutingView.strings in Resources */,
				C4637A431E7605EF00E5BD25 /* Settings.bundle in Resources */,
				C431B5071E907ABD00D67D5A /* AppIcon-PhoneAndMultifon@3x.png in Resources */,
				C44538581E9AD0DD009E68EB /* Shortcuts.strings in Resources */,
				C431B5061E907ABD00D67D5A /* AppIcon-PhoneAndMultifon@2x.png in Resources */,
				C4D7FC681E6216FC00C40FE8 /* RequestError.strings in Resources */,
			);
			runOnlyForDeploymentPostprocessing = 0;
		};
/* End PBXResourcesBuildPhase section */

/* Begin PBXShellScriptBuildPhase section */
		C43F80B11E6B3ED600349011 /* Integrate Fabric */ = {
			isa = PBXShellScriptBuildPhase;
			buildActionMask = 2147483647;
			files = (
			);
			inputPaths = (
			);
			name = "Integrate Fabric";
			outputPaths = (
			);
			runOnlyForDeploymentPostprocessing = 0;
			shellPath = "/bin/sh -e";
			shellScript = "\"${GE_XCODE_BUILD_PHASES:?}\"/IntegrateFabric\n";
		};
		C460D27F2093CD3B00EDA239 /* Embed Source Version into Bundle */ = {
			isa = PBXShellScriptBuildPhase;
			buildActionMask = 2147483647;
			files = (
			);
			inputPaths = (
			);
			name = "Embed Source Version into Bundle";
			outputPaths = (
			);
			runOnlyForDeploymentPostprocessing = 0;
			shellPath = "/bin/sh -e";
			shellScript = "\"${GE_XCODE_BUILD_PHASES:?}\"/EmbedSourceVersionIntoBundle";
			showEnvVarsInLog = 0;
		};
		C4DF2A6C1E6330A20099A8DA /* Embed Source Version into Bundle */ = {
			isa = PBXShellScriptBuildPhase;
			buildActionMask = 2147483647;
			files = (
			);
			inputPaths = (
			);
			name = "Embed Source Version into Bundle";
			outputPaths = (
			);
			runOnlyForDeploymentPostprocessing = 0;
			shellPath = "/bin/sh -e";
			shellScript = "\"${GE_XCODE_BUILD_PHASES:?}\"/EmbedSourceVersionIntoBundle\n";
		};
/* End PBXShellScriptBuildPhase section */

/* Begin PBXSourcesBuildPhase section */
		C45D86501E9C340300AD432F /* Sources */ = {
			isa = PBXSourcesBuildPhase;
			buildActionMask = 2147483647;
			files = (
				C45D86A91E9D811400AD432F /* ModuleExports-GEFoundation.swift in Sources */,
				C45D865A1E9C340300AD432F /* TodayViewController.swift in Sources */,
				C45D86A71E9D7F0D00AD432F /* Localized.swift in Sources */,
				C45D86A81E9D811400AD432F /* ModuleExports-GETracing.swift in Sources */,
			);
			runOnlyForDeploymentPostprocessing = 0;
		};
		C45D866C1E9C664100AD432F /* Sources */ = {
			isa = PBXSourcesBuildPhase;
			buildActionMask = 2147483647;
			files = (
				C45D869E1E9C6A0C00AD432F /* AccountPossessor.swift in Sources */,
				C45D86981E9C68F300AD432F /* FoundationExtensions.swift in Sources */,
				C45D869F1E9C6A2700AD432F /* GlobalAccountController.swift in Sources */,
				C45D86951E9C68F300AD432F /* RoutingRequests.swift in Sources */,
				C45D86A41E9C6ABB00AD432F /* ActionTags.swift in Sources */,
				C45D869D1E9C695400AD432F /* ModuleExports-GEFoundation.swift in Sources */,
				C45D869C1E9C695400AD432F /* ModuleExports-GETracing.swift in Sources */,
				C45D86A11E9C6A9100AD432F /* UserDefaults.swift in Sources */,
				C45D86A01E9C6A5500AD432F /* AccountController.swift in Sources */,
				C45D86A21E9C6ABB00AD432F /* ActionTracking.swift in Sources */,
				C45D86971E9C68F300AD432F /* PhoneNumbers.swift in Sources */,
				C45D86961E9C68F300AD432F /* Data.swift in Sources */,
				C45D86A31E9C6ABB00AD432F /* ActionLogger.swift in Sources */,
			);
			runOnlyForDeploymentPostprocessing = 0;
		};
		C45D86751E9C664100AD432F /* Sources */ = {
			isa = PBXSourcesBuildPhase;
			buildActionMask = 2147483647;
			files = (
				C45D86811E9C664100AD432F /* MultifonRedirectSupportTests.swift in Sources */,
			);
			runOnlyForDeploymentPostprocessing = 0;
		};
		C4C5CECE1E758EFE0089DC2F /* Sources */ = {
			isa = PBXSourcesBuildPhase;
			buildActionMask = 2147483647;
			files = (
				C4C5CED51E758EFE0089DC2F /* MultifonRedirectFastlaneSnapshot.swift in Sources */,
				C4C5CEDD1E75904A0089DC2F /* SnapshotHelper.swift in Sources */,
			);
			runOnlyForDeploymentPostprocessing = 0;
		};
		C4F3593B1E5D139400F2B779 /* Sources */ = {
			isa = PBXSourcesBuildPhase;
			buildActionMask = 2147483647;
			files = (
				C4D7FC5F1E620FC200C40FE8 /* RequestErrorPresentation.swift in Sources */,
				C4F359451E5D139400F2B779 /* RoutingViewController.swift in Sources */,
				C40909C21E6376F7006BBF04 /* AccountDetailsViewController.swift in Sources */,
				C47456641E64F71F003C7656 /* MultifonNumberTextField.swift in Sources */,
				C4F359431E5D139400F2B779 /* AppDelegate.swift in Sources */,
				C4C5CEC31E7561DB0089DC2F /* RouteTableViewCell.swift in Sources */,
				C44538531E999AB1009E68EB /* ModuleExports-GETracing.swift in Sources */,
				C4D7FC5D1E61EF3B00C40FE8 /* ExternalDependencies.swift in Sources */,
				C4D7FC5B1E61EEB500C40FE8 /* Localized.swift in Sources */,
				C463FB6B1E91D80E00F984D1 /* ShortcutsController.swift in Sources */,
				C43F80A71E6B276100349011 /* Fabric.swift in Sources */,
				C47E009F1E98D5D600E5D521 /* AlternateAppIconController.swift in Sources */,
				C4290F881EA313F100CAD5AE /* Globals.swift in Sources */,
				C44538551E999B40009E68EB /* ModuleExports-GEFoundation.swift in Sources */,
				C4C5CEBD1E7464020089DC2F /* UIKitExtensions.swift in Sources */,
				C47E009D1E96C65E00E5D521 /* Undoable.swift in Sources */,
			);
			runOnlyForDeploymentPostprocessing = 0;
		};
/* End PBXSourcesBuildPhase section */

/* Begin PBXTargetDependency section */
		C45D86601E9C340300AD432F /* PBXTargetDependency */ = {
			isa = PBXTargetDependency;
			target = C45D86531E9C340300AD432F /* MultifonRedirectToday */;
			targetProxy = C45D865F1E9C340300AD432F /* PBXContainerItemProxy */;
		};
		C45D867C1E9C664100AD432F /* PBXTargetDependency */ = {
			isa = PBXTargetDependency;
			target = C45D86701E9C664100AD432F /* MultifonRedirectSupport */;
			targetProxy = C45D867B1E9C664100AD432F /* PBXContainerItemProxy */;
		};
		C45D867E1E9C664100AD432F /* PBXTargetDependency */ = {
			isa = PBXTargetDependency;
			target = C4F3593E1E5D139400F2B779 /* MultifonRedirect */;
			targetProxy = C45D867D1E9C664100AD432F /* PBXContainerItemProxy */;
		};
		C45D86851E9C664100AD432F /* PBXTargetDependency */ = {
			isa = PBXTargetDependency;
			target = C45D86701E9C664100AD432F /* MultifonRedirectSupport */;
			targetProxy = C45D86841E9C664100AD432F /* PBXContainerItemProxy */;
		};
		C4C5CED81E758EFE0089DC2F /* PBXTargetDependency */ = {
			isa = PBXTargetDependency;
			target = C4F3593E1E5D139400F2B779 /* MultifonRedirect */;
			targetProxy = C4C5CED71E758EFE0089DC2F /* PBXContainerItemProxy */;
		};
/* End PBXTargetDependency section */

/* Begin PBXVariantGroup section */
		C4290F911EA328C000CAD5AE /* InfoPlist.strings */ = {
			isa = PBXVariantGroup;
			children = (
				C4290F901EA328C000CAD5AE /* ru */,
			);
			name = InfoPlist.strings;
			sourceTree = "<group>";
		};
		C4290F961EA328C000CAD5AE /* Today.strings */ = {
			isa = PBXVariantGroup;
			children = (
				C4290F951EA328C000CAD5AE /* ru */,
			);
			name = Today.strings;
			sourceTree = "<group>";
		};
		C4290F9B1EA328C100CAD5AE /* InfoPlist.strings */ = {
			isa = PBXVariantGroup;
			children = (
				C4290F9A1EA328C100CAD5AE /* ru */,
			);
			name = InfoPlist.strings;
			sourceTree = "<group>";
		};
		C445385A1E9AD0DD009E68EB /* Shortcuts.strings */ = {
			isa = PBXVariantGroup;
			children = (
				C44538591E9AD0DD009E68EB /* ru */,
			);
			name = Shortcuts.strings;
			sourceTree = "<group>";
		};
		C45D865B1E9C340300AD432F /* MainInterface.storyboard */ = {
			isa = PBXVariantGroup;
			children = (
				C45D865C1E9C340300AD432F /* Base */,
				C45D866B1E9C64B300AD432F /* ru */,
			);
			name = MainInterface.storyboard;
			sourceTree = "<group>";
		};
		C45D866A1E9C64B300AD432F /* InfoPlist.strings */ = {
			isa = PBXVariantGroup;
			children = (
				C45D86691E9C64B300AD432F /* ru */,
			);
			name = InfoPlist.strings;
			sourceTree = "<group>";
		};
		C4637A411E7601F000E5BD25 /* InfoPlist.strings */ = {
			isa = PBXVariantGroup;
			children = (
				C4637A401E7601F000E5BD25 /* ru */,
			);
			name = InfoPlist.strings;
			sourceTree = "<group>";
		};
		C4C5CEC81E757B040089DC2F /* AccountDetails.strings */ = {
			isa = PBXVariantGroup;
			children = (
				C4C5CEC71E757B040089DC2F /* ru */,
			);
			name = AccountDetails.strings;
			sourceTree = "<group>";
		};
		C4C5CECD1E757B050089DC2F /* RoutingViewAccountAlert.strings */ = {
			isa = PBXVariantGroup;
			children = (
				C4C5CECC1E757B050089DC2F /* ru */,
			);
			name = RoutingViewAccountAlert.strings;
			sourceTree = "<group>";
		};
		C4D7FC641E6216FC00C40FE8 /* AccountParamsEditor.strings */ = {
			isa = PBXVariantGroup;
			children = (
				C4D7FC631E6216FC00C40FE8 /* ru */,
			);
			name = AccountParamsEditor.strings;
			sourceTree = "<group>";
		};
		C4D7FC6A1E6216FC00C40FE8 /* RequestError.strings */ = {
			isa = PBXVariantGroup;
			children = (
				C4D7FC691E6216FC00C40FE8 /* ru */,
			);
			name = RequestError.strings;
			sourceTree = "<group>";
		};
		C4D7FC6F1E6216FC00C40FE8 /* RoutingViewErrorAlert.strings */ = {
			isa = PBXVariantGroup;
			children = (
				C4D7FC6E1E6216FC00C40FE8 /* ru */,
			);
			name = RoutingViewErrorAlert.strings;
			sourceTree = "<group>";
		};
		C4D7FC741E6216FD00C40FE8 /* InfoPlist.strings */ = {
			isa = PBXVariantGroup;
			children = (
				C4D7FC731E6216FD00C40FE8 /* ru */,
			);
			name = InfoPlist.strings;
			sourceTree = "<group>";
		};
		C4D7FC7A1E6216FD00C40FE8 /* RoutingView.strings */ = {
			isa = PBXVariantGroup;
			children = (
				C4D7FC791E6216FD00C40FE8 /* ru */,
			);
			name = RoutingView.strings;
			sourceTree = "<group>";
		};
		C4F359461E5D139500F2B779 /* Main.storyboard */ = {
			isa = PBXVariantGroup;
			children = (
				C4F359471E5D139500F2B779 /* Base */,
				C4D7FC651E6216FC00C40FE8 /* ru */,
			);
			name = Main.storyboard;
			sourceTree = "<group>";
		};
		C4F3594B1E5D139500F2B779 /* LaunchScreen.storyboard */ = {
			isa = PBXVariantGroup;
			children = (
				C4F3594C1E5D139500F2B779 /* Base */,
				C4D7FC751E6216FD00C40FE8 /* ru */,
			);
			name = LaunchScreen.storyboard;
			sourceTree = "<group>";
		};
/* End PBXVariantGroup section */

/* Begin XCBuildConfiguration section */
		C45D86631E9C340300AD432F /* Debug */ = {
			isa = XCBuildConfiguration;
			buildSettings = {
				ALWAYS_SEARCH_USER_PATHS = NO;
				CLANG_ANALYZER_NONNULL = YES;
				CLANG_ANALYZER_NUMBER_OBJECT_CONVERSION = YES_AGGRESSIVE;
				CLANG_CXX_LANGUAGE_STANDARD = "gnu++0x";
				CLANG_CXX_LIBRARY = "libc++";
				CLANG_ENABLE_MODULES = YES;
				CLANG_ENABLE_OBJC_ARC = YES;
				CLANG_WARN_BOOL_CONVERSION = YES;
				CLANG_WARN_CONSTANT_CONVERSION = YES;
				CLANG_WARN_DIRECT_OBJC_ISA_USAGE = YES_ERROR;
				CLANG_WARN_DOCUMENTATION_COMMENTS = YES;
				CLANG_WARN_EMPTY_BODY = YES;
				CLANG_WARN_ENUM_CONVERSION = YES;
				CLANG_WARN_INFINITE_RECURSION = YES;
				CLANG_WARN_INT_CONVERSION = YES;
				CLANG_WARN_OBJC_ROOT_CLASS = YES_ERROR;
				CLANG_WARN_SUSPICIOUS_MOVE = YES;
				CLANG_WARN_UNREACHABLE_CODE = YES;
				CLANG_WARN__DUPLICATE_METHOD_MATCH = YES;
				CODE_SIGN_ENTITLEMENTS = MultifonRedirectToday/MultifonRedirectToday.entitlements;
				"CODE_SIGN_IDENTITY[sdk=iphoneos*]" = "iPhone Developer";
				COPY_PHASE_STRIP = NO;
				DEBUG_INFORMATION_FORMAT = dwarf;
				DEVELOPMENT_TEAM = 465NA5BW7E;
				ENABLE_STRICT_OBJC_MSGSEND = YES;
				ENABLE_TESTABILITY = YES;
				GCC_C_LANGUAGE_STANDARD = gnu99;
				GCC_DYNAMIC_NO_PIC = NO;
				GCC_NO_COMMON_BLOCKS = YES;
				GCC_OPTIMIZATION_LEVEL = 0;
				GCC_PREPROCESSOR_DEFINITIONS = (
					"DEBUG=1",
					"$(inherited)",
				);
				GCC_WARN_64_TO_32_BIT_CONVERSION = YES;
				GCC_WARN_ABOUT_RETURN_TYPE = YES_ERROR;
				GCC_WARN_UNDECLARED_SELECTOR = YES;
				GCC_WARN_UNINITIALIZED_AUTOS = YES_AGGRESSIVE;
				GCC_WARN_UNUSED_FUNCTION = YES;
				GCC_WARN_UNUSED_VARIABLE = YES;
				INFOPLIST_FILE = MultifonRedirectToday/Info.plist;
				IPHONEOS_DEPLOYMENT_TARGET = 11.0;
				LD_RUNPATH_SEARCH_PATHS = "$(inherited) @executable_path/Frameworks @executable_path/../../Frameworks";
				MTL_ENABLE_DEBUG_INFO = YES;
				ONLY_ACTIVE_ARCH = YES;
				PRODUCT_BUNDLE_IDENTIFIER = com.grigorye.MultifonRedirect.Today;
				PRODUCT_NAME = "$(TARGET_NAME)";
				SDKROOT = iphoneos;
				SKIP_INSTALL = YES;
				SWIFT_ACTIVE_COMPILATION_CONDITIONS = DEBUG;
				SWIFT_OPTIMIZATION_LEVEL = "-Onone";
			};
			name = Debug;
		};
		C45D86641E9C340300AD432F /* Release */ = {
			isa = XCBuildConfiguration;
			buildSettings = {
				ALWAYS_SEARCH_USER_PATHS = NO;
				CLANG_ANALYZER_NONNULL = YES;
				CLANG_ANALYZER_NUMBER_OBJECT_CONVERSION = YES_AGGRESSIVE;
				CLANG_CXX_LANGUAGE_STANDARD = "gnu++0x";
				CLANG_CXX_LIBRARY = "libc++";
				CLANG_ENABLE_MODULES = YES;
				CLANG_ENABLE_OBJC_ARC = YES;
				CLANG_WARN_BOOL_CONVERSION = YES;
				CLANG_WARN_CONSTANT_CONVERSION = YES;
				CLANG_WARN_DIRECT_OBJC_ISA_USAGE = YES_ERROR;
				CLANG_WARN_DOCUMENTATION_COMMENTS = YES;
				CLANG_WARN_EMPTY_BODY = YES;
				CLANG_WARN_ENUM_CONVERSION = YES;
				CLANG_WARN_INFINITE_RECURSION = YES;
				CLANG_WARN_INT_CONVERSION = YES;
				CLANG_WARN_OBJC_ROOT_CLASS = YES_ERROR;
				CLANG_WARN_SUSPICIOUS_MOVE = YES;
				CLANG_WARN_UNREACHABLE_CODE = YES;
				CLANG_WARN__DUPLICATE_METHOD_MATCH = YES;
				CODE_SIGN_ENTITLEMENTS = MultifonRedirectToday/MultifonRedirectToday.entitlements;
				"CODE_SIGN_IDENTITY[sdk=iphoneos*]" = "iPhone Developer";
				COPY_PHASE_STRIP = NO;
				DEBUG_INFORMATION_FORMAT = "dwarf-with-dsym";
				DEVELOPMENT_TEAM = 465NA5BW7E;
				ENABLE_NS_ASSERTIONS = NO;
				ENABLE_STRICT_OBJC_MSGSEND = YES;
				GCC_C_LANGUAGE_STANDARD = gnu99;
				GCC_NO_COMMON_BLOCKS = YES;
				GCC_WARN_64_TO_32_BIT_CONVERSION = YES;
				GCC_WARN_ABOUT_RETURN_TYPE = YES_ERROR;
				GCC_WARN_UNDECLARED_SELECTOR = YES;
				GCC_WARN_UNINITIALIZED_AUTOS = YES_AGGRESSIVE;
				GCC_WARN_UNUSED_FUNCTION = YES;
				GCC_WARN_UNUSED_VARIABLE = YES;
				INFOPLIST_FILE = MultifonRedirectToday/Info.plist;
				IPHONEOS_DEPLOYMENT_TARGET = 11.0;
				LD_RUNPATH_SEARCH_PATHS = "$(inherited) @executable_path/Frameworks @executable_path/../../Frameworks";
				MTL_ENABLE_DEBUG_INFO = NO;
				PRODUCT_BUNDLE_IDENTIFIER = com.grigorye.MultifonRedirect.Today;
				PRODUCT_NAME = "$(TARGET_NAME)";
				SDKROOT = iphoneos;
				SKIP_INSTALL = YES;
				SWIFT_OPTIMIZATION_LEVEL = "-Owholemodule";
				VALIDATE_PRODUCT = YES;
			};
			name = Release;
		};
		C45D86891E9C664100AD432F /* Debug */ = {
			isa = XCBuildConfiguration;
			buildSettings = {
				APPLICATION_EXTENSION_API_ONLY = YES;
				CODE_SIGN_IDENTITY = "";
				"CODE_SIGN_IDENTITY[sdk=iphoneos*]" = "iPhone Developer";
				COPY_PHASE_STRIP = NO;
				CURRENT_PROJECT_VERSION = 1;
				DEFINES_MODULE = YES;
				DEVELOPMENT_TEAM = 465NA5BW7E;
				DYLIB_COMPATIBILITY_VERSION = 1;
				DYLIB_CURRENT_VERSION = 1;
				DYLIB_INSTALL_NAME_BASE = "@rpath";
				INFOPLIST_FILE = MultifonRedirectSupport/Info.plist;
				INSTALL_PATH = "$(LOCAL_LIBRARY_DIR)/Frameworks";
				LD_RUNPATH_SEARCH_PATHS = "$(inherited) @executable_path/Frameworks @loader_path/Frameworks";
				ONLY_ACTIVE_ARCH = YES;
				PRODUCT_BUNDLE_IDENTIFIER = com.grigorye.MultifonRedirectSupport;
				PRODUCT_NAME = "$(TARGET_NAME)";
				SDKROOT = iphoneos;
				SKIP_INSTALL = YES;
				TARGETED_DEVICE_FAMILY = "1,2";
				VERSIONING_SYSTEM = "apple-generic";
				VERSION_INFO_PREFIX = "";
			};
			name = Debug;
		};
		C45D868A1E9C664100AD432F /* Release */ = {
			isa = XCBuildConfiguration;
			buildSettings = {
				APPLICATION_EXTENSION_API_ONLY = YES;
				CODE_SIGN_IDENTITY = "";
				"CODE_SIGN_IDENTITY[sdk=iphoneos*]" = "iPhone Developer";
				COPY_PHASE_STRIP = NO;
				CURRENT_PROJECT_VERSION = 1;
				DEFINES_MODULE = YES;
				DEVELOPMENT_TEAM = 465NA5BW7E;
				DYLIB_COMPATIBILITY_VERSION = 1;
				DYLIB_CURRENT_VERSION = 1;
				DYLIB_INSTALL_NAME_BASE = "@rpath";
				INFOPLIST_FILE = MultifonRedirectSupport/Info.plist;
				INSTALL_PATH = "$(LOCAL_LIBRARY_DIR)/Frameworks";
				LD_RUNPATH_SEARCH_PATHS = "$(inherited) @executable_path/Frameworks @loader_path/Frameworks";
				PRODUCT_BUNDLE_IDENTIFIER = com.grigorye.MultifonRedirectSupport;
				PRODUCT_NAME = "$(TARGET_NAME)";
				SDKROOT = iphoneos;
				SKIP_INSTALL = YES;
				TARGETED_DEVICE_FAMILY = "1,2";
				VERSIONING_SYSTEM = "apple-generic";
				VERSION_INFO_PREFIX = "";
			};
			name = Release;
		};
		C45D868C1E9C664100AD432F /* Debug */ = {
			isa = XCBuildConfiguration;
			buildSettings = {
				ALWAYS_EMBED_SWIFT_STANDARD_LIBRARIES = YES;
				ALWAYS_SEARCH_USER_PATHS = NO;
				"CODE_SIGN_IDENTITY[sdk=iphoneos*]" = "iPhone Developer";
				COPY_PHASE_STRIP = NO;
				DEVELOPMENT_TEAM = 465NA5BW7E;
				INFOPLIST_FILE = MultifonRedirectSupportTests/Info.plist;
				IPHONEOS_DEPLOYMENT_TARGET = 11.0;
				LD_RUNPATH_SEARCH_PATHS = "$(inherited) @executable_path/Frameworks @loader_path/Frameworks";
				ONLY_ACTIVE_ARCH = YES;
				PRODUCT_BUNDLE_IDENTIFIER = com.grigorye.MultifonRedirectSupportTests;
				PRODUCT_NAME = "$(TARGET_NAME)";
				SDKROOT = iphoneos;
				TEST_HOST = "$(BUILT_PRODUCTS_DIR)/MultifonRedirect.app/MultifonRedirect";
			};
			name = Debug;
		};
		C45D868D1E9C664100AD432F /* Release */ = {
			isa = XCBuildConfiguration;
			buildSettings = {
				ALWAYS_EMBED_SWIFT_STANDARD_LIBRARIES = YES;
				ALWAYS_SEARCH_USER_PATHS = NO;
				"CODE_SIGN_IDENTITY[sdk=iphoneos*]" = "iPhone Developer";
				COPY_PHASE_STRIP = NO;
				DEVELOPMENT_TEAM = 465NA5BW7E;
				INFOPLIST_FILE = MultifonRedirectSupportTests/Info.plist;
				IPHONEOS_DEPLOYMENT_TARGET = 11.0;
				LD_RUNPATH_SEARCH_PATHS = "$(inherited) @executable_path/Frameworks @loader_path/Frameworks";
				PRODUCT_BUNDLE_IDENTIFIER = com.grigorye.MultifonRedirectSupportTests;
				PRODUCT_NAME = "$(TARGET_NAME)";
				SDKROOT = iphoneos;
				TEST_HOST = "$(BUILT_PRODUCTS_DIR)/MultifonRedirect.app/MultifonRedirect";
			};
			name = Release;
		};
		C4C5CEDA1E758EFE0089DC2F /* Debug */ = {
			isa = XCBuildConfiguration;
			buildSettings = {
				ALWAYS_SEARCH_USER_PATHS = NO;
				CLANG_ENABLE_MODULES = YES;
				"CODE_SIGN_IDENTITY[sdk=iphoneos*]" = "iPhone Developer";
				COPY_PHASE_STRIP = NO;
				DEVELOPMENT_TEAM = 465NA5BW7E;
				INFOPLIST_FILE = MultifonRedirectFastlaneSnapshot/Info.plist;
				IPHONEOS_DEPLOYMENT_TARGET = 10.2;
				LD_RUNPATH_SEARCH_PATHS = "$(inherited) @executable_path/Frameworks @loader_path/Frameworks";
				ONLY_ACTIVE_ARCH = YES;
				PRODUCT_BUNDLE_IDENTIFIER = com.grigorye.MultifonRedirectFastlaneSnapshot;
				PRODUCT_NAME = "$(TARGET_NAME)";
				PROVISIONING_PROFILE = "";
				SDKROOT = iphoneos;
				TEST_HOST = "";
				TEST_TARGET_NAME = MultifonRedirect;
			};
			name = Debug;
		};
		C4C5CEDB1E758EFE0089DC2F /* Release */ = {
			isa = XCBuildConfiguration;
			buildSettings = {
				ALWAYS_SEARCH_USER_PATHS = NO;
				CLANG_ENABLE_MODULES = YES;
				"CODE_SIGN_IDENTITY[sdk=iphoneos*]" = "iPhone Developer";
				COPY_PHASE_STRIP = NO;
				DEVELOPMENT_TEAM = 465NA5BW7E;
				INFOPLIST_FILE = MultifonRedirectFastlaneSnapshot/Info.plist;
				IPHONEOS_DEPLOYMENT_TARGET = 10.2;
				LD_RUNPATH_SEARCH_PATHS = "$(inherited) @executable_path/Frameworks @loader_path/Frameworks";
				PRODUCT_BUNDLE_IDENTIFIER = com.grigorye.MultifonRedirectFastlaneSnapshot;
				PRODUCT_NAME = "$(TARGET_NAME)";
				PROVISIONING_PROFILE = "";
				SDKROOT = iphoneos;
				TEST_HOST = "";
				TEST_TARGET_NAME = MultifonRedirect;
			};
			name = Release;
		};
		C4F3594F1E5D139500F2B779 /* Debug */ = {
			isa = XCBuildConfiguration;
			baseConfigurationReference = C4DF2A6B1E632FB70099A8DA /* GEShared.xcconfig */;
			buildSettings = {
			};
			name = Debug;
		};
		C4F359501E5D139500F2B779 /* Release */ = {
			isa = XCBuildConfiguration;
			baseConfigurationReference = C4DF2A6B1E632FB70099A8DA /* GEShared.xcconfig */;
			buildSettings = {
			};
			name = Release;
		};
		C4F359521E5D139500F2B779 /* Debug */ = {
			isa = XCBuildConfiguration;
			baseConfigurationReference = C43F80AC1E6B37D300349011 /* MultifonRedirect.debug.xcconfig */;
			buildSettings = {
				ALWAYS_EMBED_SWIFT_STANDARD_LIBRARIES = YES;
				ASSETCATALOG_COMPILER_APPICON_NAME = AppIcon;
				CODE_SIGN_ENTITLEMENTS = MultifonRedirect/MultifonRedirect.entitlements;
				"CODE_SIGN_IDENTITY[sdk=iphoneos*]" = "iPhone Developer";
				DEVELOPMENT_TEAM = 465NA5BW7E;
				INFOPLIST_FILE = MultifonRedirect/Info.plist;
				IPHONEOS_DEPLOYMENT_TARGET = 11.0;
				LD_RUNPATH_SEARCH_PATHS = "$(inherited) @executable_path/Frameworks";
				PRODUCT_BUNDLE_IDENTIFIER = com.grigorye.MultifonRedirect;
				PRODUCT_NAME = "$(TARGET_NAME)";
				PROVISIONING_PROFILE = "";
				PROVISIONING_PROFILE_SPECIFIER = "";
				SKIP_INSTALL = NO;
				SUPPORTED_PLATFORMS = "iphonesimulator iphoneos";
				SWIFT_ACTIVE_COMPILATION_CONDITIONS = "$(inherited) GE_NSLOG_REDIRECTION_ENABLED";
			};
			name = Debug;
		};
		C4F359531E5D139500F2B779 /* Release */ = {
			isa = XCBuildConfiguration;
			baseConfigurationReference = C43F80AD1E6B37D300349011 /* MultifonRedirect.release.xcconfig */;
			buildSettings = {
				ALWAYS_EMBED_SWIFT_STANDARD_LIBRARIES = YES;
				ASSETCATALOG_COMPILER_APPICON_NAME = AppIcon;
				CODE_SIGN_ENTITLEMENTS = MultifonRedirect/MultifonRedirect.entitlements;
				"CODE_SIGN_IDENTITY[sdk=iphoneos*]" = "iPhone Developer";
				DEVELOPMENT_TEAM = 465NA5BW7E;
				INFOPLIST_FILE = MultifonRedirect/Info.plist;
				IPHONEOS_DEPLOYMENT_TARGET = 11.0;
				LD_RUNPATH_SEARCH_PATHS = "$(inherited) @executable_path/Frameworks";
				PRODUCT_BUNDLE_IDENTIFIER = com.grigorye.MultifonRedirect;
				PRODUCT_NAME = "$(TARGET_NAME)";
				PROVISIONING_PROFILE = "";
				PROVISIONING_PROFILE_SPECIFIER = "";
				SKIP_INSTALL = NO;
				SUPPORTED_PLATFORMS = "iphonesimulator iphoneos";
			};
			name = Release;
		};
/* End XCBuildConfiguration section */

/* Begin XCConfigurationList section */
		C45D86621E9C340300AD432F /* Build configuration list for PBXNativeTarget "MultifonRedirectToday" */ = {
			isa = XCConfigurationList;
			buildConfigurations = (
				C45D86631E9C340300AD432F /* Debug */,
				C45D86641E9C340300AD432F /* Release */,
			);
			defaultConfigurationIsVisible = 0;
			defaultConfigurationName = Release;
		};
		C45D86881E9C664100AD432F /* Build configuration list for PBXNativeTarget "MultifonRedirectSupport" */ = {
			isa = XCConfigurationList;
			buildConfigurations = (
				C45D86891E9C664100AD432F /* Debug */,
				C45D868A1E9C664100AD432F /* Release */,
			);
			defaultConfigurationIsVisible = 0;
			defaultConfigurationName = Release;
		};
		C45D868B1E9C664100AD432F /* Build configuration list for PBXNativeTarget "MultifonRedirectSupportTests" */ = {
			isa = XCConfigurationList;
			buildConfigurations = (
				C45D868C1E9C664100AD432F /* Debug */,
				C45D868D1E9C664100AD432F /* Release */,
			);
			defaultConfigurationIsVisible = 0;
			defaultConfigurationName = Release;
		};
		C4C5CED91E758EFE0089DC2F /* Build configuration list for PBXNativeTarget "MultifonRedirectFastlaneSnapshot" */ = {
			isa = XCConfigurationList;
			buildConfigurations = (
				C4C5CEDA1E758EFE0089DC2F /* Debug */,
				C4C5CEDB1E758EFE0089DC2F /* Release */,
			);
			defaultConfigurationIsVisible = 0;
			defaultConfigurationName = Release;
		};
		C4F3593A1E5D139400F2B779 /* Build configuration list for PBXProject "MultifonRedirect" */ = {
			isa = XCConfigurationList;
			buildConfigurations = (
				C4F3594F1E5D139500F2B779 /* Debug */,
				C4F359501E5D139500F2B779 /* Release */,
			);
			defaultConfigurationIsVisible = 0;
			defaultConfigurationName = Release;
		};
		C4F359511E5D139500F2B779 /* Build configuration list for PBXNativeTarget "MultifonRedirect" */ = {
			isa = XCConfigurationList;
			buildConfigurations = (
				C4F359521E5D139500F2B779 /* Debug */,
				C4F359531E5D139500F2B779 /* Release */,
			);
			defaultConfigurationIsVisible = 0;
			defaultConfigurationName = Release;
		};
/* End XCConfigurationList section */
	};
	rootObject = C4F359371E5D139400F2B779 /* Project object */;
}
